// !$*UTF8*$!
{
	archiveVersion = 1;
	classes = {
	};
	objectVersion = 42;
	objects = {

/* Begin PBXBuildFile section */
		D28C821723A19182001CBADF /* Main.storyboard in Resources */ = {isa = PBXBuildFile; fileRef = D28C821623A19182001CBADF /* Main.storyboard */; };
		D28C821A23A1A70F001CBADF /* MyShowsViewController.swift in Sources */ = {isa = PBXBuildFile; fileRef = D28C821923A1A70F001CBADF /* MyShowsViewController.swift */; };
		D2BEC93523421FEB001C13AB /* AppDelegate.swift in Sources */ = {isa = PBXBuildFile; fileRef = D2BEC93423421FEB001C13AB /* AppDelegate.swift */; };
		D2BEC93B23421FEC001C13AB /* Assets.xcassets in Resources */ = {isa = PBXBuildFile; fileRef = D2BEC93A23421FEC001C13AB /* Assets.xcassets */; };
		D2BEC94123421FEC001C13AB /* LaunchScreen.storyboard in Resources */ = {isa = PBXBuildFile; fileRef = D2BEC93F23421FEC001C13AB /* LaunchScreen.storyboard */; };
		D2BEC94C23421FEC001C13AB /* Episode_TrackerUITests.swift in Sources */ = {isa = PBXBuildFile; fileRef = D2BEC94B23421FEC001C13AB /* Episode_TrackerUITests.swift */; };
		D2BEC9582342231E001C13AB /* SharedCode.framework in Frameworks */ = {isa = PBXBuildFile; fileRef = D2BEC9572342231E001C13AB /* SharedCode.framework */; };
		D2BEC9592342231E001C13AB /* SharedCode.framework in Embed Frameworks */ = {isa = PBXBuildFile; fileRef = D2BEC9572342231E001C13AB /* SharedCode.framework */; settings = {ATTRIBUTES = (CodeSignOnCopy, RemoveHeadersOnCopy, ); }; };
/* End PBXBuildFile section */

/* Begin PBXContainerItemProxy section */
		D2BEC94823421FEC001C13AB /* PBXContainerItemProxy */ = {
			isa = PBXContainerItemProxy;
			containerPortal = D2BEC92923421FEB001C13AB /* Project object */;
			proxyType = 1;
			remoteGlobalIDString = D2BEC93023421FEB001C13AB;
			remoteInfo = "Episode Tracker";
		};
/* End PBXContainerItemProxy section */

/* Begin PBXCopyFilesBuildPhase section */
		D2BEC95A2342231E001C13AB /* Embed Frameworks */ = {
			isa = PBXCopyFilesBuildPhase;
			buildActionMask = 2147483647;
			dstPath = "";
			dstSubfolderSpec = 10;
			files = (
				D2BEC9592342231E001C13AB /* SharedCode.framework in Embed Frameworks */,
			);
			name = "Embed Frameworks";
			runOnlyForDeploymentPostprocessing = 0;
		};
/* End PBXCopyFilesBuildPhase section */

/* Begin PBXFileReference section */
		D28C821623A19182001CBADF /* Main.storyboard */ = {isa = PBXFileReference; lastKnownFileType = file.storyboard; path = Main.storyboard; sourceTree = "<group>"; };
		D28C821923A1A70F001CBADF /* MyShowsViewController.swift */ = {isa = PBXFileReference; lastKnownFileType = sourcecode.swift; path = MyShowsViewController.swift; sourceTree = "<group>"; };
		D2BEC93123421FEB001C13AB /* Episode Tracker.app */ = {isa = PBXFileReference; explicitFileType = wrapper.application; includeInIndex = 0; path = "Episode Tracker.app"; sourceTree = BUILT_PRODUCTS_DIR; };
		D2BEC93423421FEB001C13AB /* AppDelegate.swift */ = {isa = PBXFileReference; lastKnownFileType = sourcecode.swift; path = AppDelegate.swift; sourceTree = "<group>"; };
		D2BEC93A23421FEC001C13AB /* Assets.xcassets */ = {isa = PBXFileReference; lastKnownFileType = folder.assetcatalog; path = Assets.xcassets; sourceTree = "<group>"; };
		D2BEC94023421FEC001C13AB /* Base */ = {isa = PBXFileReference; lastKnownFileType = file.storyboard; name = Base; path = Base.lproj/LaunchScreen.storyboard; sourceTree = "<group>"; };
		D2BEC94223421FEC001C13AB /* Info.plist */ = {isa = PBXFileReference; lastKnownFileType = text.plist.xml; path = Info.plist; sourceTree = "<group>"; };
		D2BEC94723421FEC001C13AB /* Episode TrackerUITests.xctest */ = {isa = PBXFileReference; explicitFileType = wrapper.cfbundle; includeInIndex = 0; path = "Episode TrackerUITests.xctest"; sourceTree = BUILT_PRODUCTS_DIR; };
		D2BEC94B23421FEC001C13AB /* Episode_TrackerUITests.swift */ = {isa = PBXFileReference; lastKnownFileType = sourcecode.swift; path = Episode_TrackerUITests.swift; sourceTree = "<group>"; };
		D2BEC94D23421FEC001C13AB /* Info.plist */ = {isa = PBXFileReference; lastKnownFileType = text.plist.xml; path = Info.plist; sourceTree = "<group>"; };
		D2BEC9572342231E001C13AB /* SharedCode.framework */ = {isa = PBXFileReference; lastKnownFileType = wrapper.framework; name = SharedCode.framework; path = "../../SharedCode/build/xcode-frameworks/SharedCode.framework"; sourceTree = "<group>"; };
/* End PBXFileReference section */

/* Begin PBXFrameworksBuildPhase section */
		D2BEC92E23421FEB001C13AB /* Frameworks */ = {
			isa = PBXFrameworksBuildPhase;
			buildActionMask = 2147483647;
			files = (
				D2BEC9582342231E001C13AB /* SharedCode.framework in Frameworks */,
			);
			runOnlyForDeploymentPostprocessing = 0;
		};
		D2BEC94423421FEC001C13AB /* Frameworks */ = {
			isa = PBXFrameworksBuildPhase;
			buildActionMask = 2147483647;
			files = (
			);
			runOnlyForDeploymentPostprocessing = 0;
		};
/* End PBXFrameworksBuildPhase section */

/* Begin PBXGroup section */
		D28C821823A1A6E7001CBADF /* MyShows */ = {
			isa = PBXGroup;
			children = (
				D28C821923A1A70F001CBADF /* MyShowsViewController.swift */,
			);
			path = MyShows;
			sourceTree = "<group>";
		};
		D2BEC92823421FEB001C13AB = {
			isa = PBXGroup;
			children = (
				D2BEC93323421FEB001C13AB /* Episode Tracker */,
				D2BEC94A23421FEC001C13AB /* Episode TrackerUITests */,
				D2BEC93223421FEB001C13AB /* Products */,
				D2BEC9562342231E001C13AB /* Frameworks */,
			);
			sourceTree = "<group>";
		};
		D2BEC93223421FEB001C13AB /* Products */ = {
			isa = PBXGroup;
			children = (
				D2BEC93123421FEB001C13AB /* Episode Tracker.app */,
				D2BEC94723421FEC001C13AB /* Episode TrackerUITests.xctest */,
			);
			name = Products;
			sourceTree = "<group>";
		};
		D2BEC93323421FEB001C13AB /* Episode Tracker */ = {
			isa = PBXGroup;
			children = (
				D28C821823A1A6E7001CBADF /* MyShows */,
				D2BEC93423421FEB001C13AB /* AppDelegate.swift */,
				D28C821623A19182001CBADF /* Main.storyboard */,
				D2BEC93F23421FEC001C13AB /* LaunchScreen.storyboard */,
				D2BEC93A23421FEC001C13AB /* Assets.xcassets */,
				D2BEC94223421FEC001C13AB /* Info.plist */,
			);
			path = "Episode Tracker";
			sourceTree = "<group>";
		};
		D2BEC94A23421FEC001C13AB /* Episode TrackerUITests */ = {
			isa = PBXGroup;
			children = (
				D2BEC94B23421FEC001C13AB /* Episode_TrackerUITests.swift */,
				D2BEC94D23421FEC001C13AB /* Info.plist */,
			);
			path = "Episode TrackerUITests";
			sourceTree = "<group>";
		};
		D2BEC9562342231E001C13AB /* Frameworks */ = {
			isa = PBXGroup;
			children = (
				D2BEC9572342231E001C13AB /* SharedCode.framework */,
			);
			name = Frameworks;
			sourceTree = "<group>";
		};
/* End PBXGroup section */

/* Begin PBXNativeTarget section */
		D2BEC93023421FEB001C13AB /* Episode Tracker */ = {
			isa = PBXNativeTarget;
			buildConfigurationList = D2BEC95023421FEC001C13AB /* Build configuration list for PBXNativeTarget "Episode Tracker" */;
			buildPhases = (
				D2BEC95B234223E9001C13AB /* ShellScript */,
				D2BEC92D23421FEB001C13AB /* Sources */,
				D2BEC92E23421FEB001C13AB /* Frameworks */,
				D2BEC92F23421FEB001C13AB /* Resources */,
				D2BEC95A2342231E001C13AB /* Embed Frameworks */,
			);
			buildRules = (
			);
			dependencies = (
			);
			name = "Episode Tracker";
			productName = "Episode Tracker";
			productReference = D2BEC93123421FEB001C13AB /* Episode Tracker.app */;
			productType = "com.apple.product-type.application";
		};
		D2BEC94623421FEC001C13AB /* Episode TrackerUITests */ = {
			isa = PBXNativeTarget;
			buildConfigurationList = D2BEC95323421FEC001C13AB /* Build configuration list for PBXNativeTarget "Episode TrackerUITests" */;
			buildPhases = (
				D2BEC94323421FEC001C13AB /* Sources */,
				D2BEC94423421FEC001C13AB /* Frameworks */,
				D2BEC94523421FEC001C13AB /* Resources */,
			);
			buildRules = (
			);
			dependencies = (
				D2BEC94923421FEC001C13AB /* PBXTargetDependency */,
			);
			name = "Episode TrackerUITests";
			productName = "Episode TrackerUITests";
			productReference = D2BEC94723421FEC001C13AB /* Episode TrackerUITests.xctest */;
			productType = "com.apple.product-type.bundle.ui-testing";
		};
/* End PBXNativeTarget section */

/* Begin PBXProject section */
		D2BEC92923421FEB001C13AB /* Project object */ = {
			isa = PBXProject;
			attributes = {
				LastSwiftUpdateCheck = 1100;
				LastUpgradeCheck = 1100;
				ORGANIZATIONNAME = "Yury Polek";
				TargetAttributes = {
					D2BEC93023421FEB001C13AB = {
						CreatedOnToolsVersion = 11.0;
						DevelopmentTeam = K4N32QU4HD;
						ProvisioningStyle = Automatic;
					};
					D2BEC94623421FEC001C13AB = {
						CreatedOnToolsVersion = 11.0;
						DevelopmentTeam = K4N32QU4HD;
						ProvisioningStyle = Automatic;
						TestTargetID = D2BEC93023421FEB001C13AB;
					};
				};
			};
			buildConfigurationList = D2BEC92C23421FEB001C13AB /* Build configuration list for PBXProject "Episode Tracker" */;
			compatibilityVersion = "Xcode 2.4";
			developmentRegion = en;
			hasScannedForEncodings = 0;
			knownRegions = (
				en,
				Base,
			);
			mainGroup = D2BEC92823421FEB001C13AB;
			productRefGroup = D2BEC93223421FEB001C13AB /* Products */;
			projectDirPath = "";
			projectRoot = "";
			targets = (
				D2BEC93023421FEB001C13AB /* Episode Tracker */,
				D2BEC94623421FEC001C13AB /* Episode TrackerUITests */,
			);
		};
/* End PBXProject section */

/* Begin PBXResourcesBuildPhase section */
		D2BEC92F23421FEB001C13AB /* Resources */ = {
			isa = PBXResourcesBuildPhase;
			buildActionMask = 2147483647;
			files = (
				D2BEC94123421FEC001C13AB /* LaunchScreen.storyboard in Resources */,
				D2BEC93B23421FEC001C13AB /* Assets.xcassets in Resources */,
				D28C821723A19182001CBADF /* Main.storyboard in Resources */,
			);
			runOnlyForDeploymentPostprocessing = 0;
		};
		D2BEC94523421FEC001C13AB /* Resources */ = {
			isa = PBXResourcesBuildPhase;
			buildActionMask = 2147483647;
			files = (
			);
			runOnlyForDeploymentPostprocessing = 0;
		};
/* End PBXResourcesBuildPhase section */

/* Begin PBXShellScriptBuildPhase section */
		D2BEC95B234223E9001C13AB /* ShellScript */ = {
			isa = PBXShellScriptBuildPhase;
			buildActionMask = 2147483647;
			files = (
			);
			inputFileListPaths = (
			);
			inputPaths = (
			);
			outputFileListPaths = (
			);
			outputPaths = (
			);
			runOnlyForDeploymentPostprocessing = 0;
			shellPath = /bin/sh;
			shellScript = "cd \"$SRCROOT/../../SharedCode/build/xcode-frameworks\"\n./gradlew :SharedCode:packForXCode -PXCODE_CONFIGURATION=${CONFIGURATION}\n";
		};
/* End PBXShellScriptBuildPhase section */

/* Begin PBXSourcesBuildPhase section */
		D2BEC92D23421FEB001C13AB /* Sources */ = {
			isa = PBXSourcesBuildPhase;
			buildActionMask = 2147483647;
			files = (
				D2BEC93523421FEB001C13AB /* AppDelegate.swift in Sources */,
				D28C821A23A1A70F001CBADF /* MyShowsViewController.swift in Sources */,
			);
			runOnlyForDeploymentPostprocessing = 0;
		};
		D2BEC94323421FEC001C13AB /* Sources */ = {
			isa = PBXSourcesBuildPhase;
			buildActionMask = 2147483647;
			files = (
				D2BEC94C23421FEC001C13AB /* Episode_TrackerUITests.swift in Sources */,
			);
			runOnlyForDeploymentPostprocessing = 0;
		};
/* End PBXSourcesBuildPhase section */

/* Begin PBXTargetDependency section */
		D2BEC94923421FEC001C13AB /* PBXTargetDependency */ = {
			isa = PBXTargetDependency;
			target = D2BEC93023421FEB001C13AB /* Episode Tracker */;
			targetProxy = D2BEC94823421FEC001C13AB /* PBXContainerItemProxy */;
		};
/* End PBXTargetDependency section */

/* Begin PBXVariantGroup section */
		D2BEC93F23421FEC001C13AB /* LaunchScreen.storyboard */ = {
			isa = PBXVariantGroup;
			children = (
				D2BEC94023421FEC001C13AB /* Base */,
			);
			name = LaunchScreen.storyboard;
			sourceTree = "<group>";
		};
/* End PBXVariantGroup section */

/* Begin XCBuildConfiguration section */
		D2BEC94E23421FEC001C13AB /* Debug */ = {
			isa = XCBuildConfiguration;
			buildSettings = {
				ALWAYS_SEARCH_USER_PATHS = NO;
				CLANG_ANALYZER_NONNULL = YES;
				CLANG_ANALYZER_NUMBER_OBJECT_CONVERSION = YES_AGGRESSIVE;
				CLANG_CXX_LANGUAGE_STANDARD = "gnu++14";
				CLANG_CXX_LIBRARY = "libc++";
				CLANG_ENABLE_MODULES = YES;
				CLANG_ENABLE_OBJC_ARC = YES;
				CLANG_ENABLE_OBJC_WEAK = YES;
				CLANG_WARN_BLOCK_CAPTURE_AUTORELEASING = YES;
				CLANG_WARN_BOOL_CONVERSION = YES;
				CLANG_WARN_COMMA = YES;
				CLANG_WARN_CONSTANT_CONVERSION = YES;
				CLANG_WARN_DEPRECATED_OBJC_IMPLEMENTATIONS = YES;
				CLANG_WARN_DIRECT_OBJC_ISA_USAGE = YES_ERROR;
				CLANG_WARN_DOCUMENTATION_COMMENTS = YES;
				CLANG_WARN_EMPTY_BODY = YES;
				CLANG_WARN_ENUM_CONVERSION = YES;
				CLANG_WARN_INFINITE_RECURSION = YES;
				CLANG_WARN_INT_CONVERSION = YES;
				CLANG_WARN_NON_LITERAL_NULL_CONVERSION = YES;
				CLANG_WARN_OBJC_IMPLICIT_RETAIN_SELF = YES;
				CLANG_WARN_OBJC_LITERAL_CONVERSION = YES;
				CLANG_WARN_OBJC_ROOT_CLASS = YES_ERROR;
				CLANG_WARN_RANGE_LOOP_ANALYSIS = YES;
				CLANG_WARN_STRICT_PROTOTYPES = YES;
				CLANG_WARN_SUSPICIOUS_MOVE = YES;
				CLANG_WARN_UNGUARDED_AVAILABILITY = YES_AGGRESSIVE;
				CLANG_WARN_UNREACHABLE_CODE = YES;
				CLANG_WARN__DUPLICATE_METHOD_MATCH = YES;
				COPY_PHASE_STRIP = NO;
				DEBUG_INFORMATION_FORMAT = dwarf;
				ENABLE_STRICT_OBJC_MSGSEND = YES;
				ENABLE_TESTABILITY = YES;
				FRAMEWORK_SEARCH_PATHS = "$(SRCROOT)/../../SharedCode/build/xcode-frameworks";
				GCC_C_LANGUAGE_STANDARD = gnu11;
				GCC_DYNAMIC_NO_PIC = NO;
				GCC_NO_COMMON_BLOCKS = YES;
				GCC_OPTIMIZATION_LEVEL = 0;
				GCC_PREPROCESSOR_DEFINITIONS = (
					"DEBUG=1",
					"$(inherited)",
				);
				GCC_WARN_64_TO_32_BIT_CONVERSION = YES;
				GCC_WARN_ABOUT_RETURN_TYPE = YES_ERROR;
				GCC_WARN_UNDECLARED_SELECTOR = YES;
				GCC_WARN_UNINITIALIZED_AUTOS = YES_AGGRESSIVE;
				GCC_WARN_UNUSED_FUNCTION = YES;
				GCC_WARN_UNUSED_VARIABLE = YES;
				IPHONEOS_DEPLOYMENT_TARGET = 13.0;
				MTL_ENABLE_DEBUG_INFO = INCLUDE_SOURCE;
				MTL_FAST_MATH = YES;
				ONLY_ACTIVE_ARCH = YES;
				SDKROOT = iphoneos;
				SWIFT_ACTIVE_COMPILATION_CONDITIONS = DEBUG;
				SWIFT_OPTIMIZATION_LEVEL = "-Onone";
			};
			name = Debug;
		};
		D2BEC94F23421FEC001C13AB /* Release */ = {
			isa = XCBuildConfiguration;
			buildSettings = {
				ALWAYS_SEARCH_USER_PATHS = NO;
				CLANG_ANALYZER_NONNULL = YES;
				CLANG_ANALYZER_NUMBER_OBJECT_CONVERSION = YES_AGGRESSIVE;
				CLANG_CXX_LANGUAGE_STANDARD = "gnu++14";
				CLANG_CXX_LIBRARY = "libc++";
				CLANG_ENABLE_MODULES = YES;
				CLANG_ENABLE_OBJC_ARC = YES;
				CLANG_ENABLE_OBJC_WEAK = YES;
				CLANG_WARN_BLOCK_CAPTURE_AUTORELEASING = YES;
				CLANG_WARN_BOOL_CONVERSION = YES;
				CLANG_WARN_COMMA = YES;
				CLANG_WARN_CONSTANT_CONVERSION = YES;
				CLANG_WARN_DEPRECATED_OBJC_IMPLEMENTATIONS = YES;
				CLANG_WARN_DIRECT_OBJC_ISA_USAGE = YES_ERROR;
				CLANG_WARN_DOCUMENTATION_COMMENTS = YES;
				CLANG_WARN_EMPTY_BODY = YES;
				CLANG_WARN_ENUM_CONVERSION = YES;
				CLANG_WARN_INFINITE_RECURSION = YES;
				CLANG_WARN_INT_CONVERSION = YES;
				CLANG_WARN_NON_LITERAL_NULL_CONVERSION = YES;
				CLANG_WARN_OBJC_IMPLICIT_RETAIN_SELF = YES;
				CLANG_WARN_OBJC_LITERAL_CONVERSION = YES;
				CLANG_WARN_OBJC_ROOT_CLASS = YES_ERROR;
				CLANG_WARN_RANGE_LOOP_ANALYSIS = YES;
				CLANG_WARN_STRICT_PROTOTYPES = YES;
				CLANG_WARN_SUSPICIOUS_MOVE = YES;
				CLANG_WARN_UNGUARDED_AVAILABILITY = YES_AGGRESSIVE;
				CLANG_WARN_UNREACHABLE_CODE = YES;
				CLANG_WARN__DUPLICATE_METHOD_MATCH = YES;
				COPY_PHASE_STRIP = NO;
				DEBUG_INFORMATION_FORMAT = "dwarf-with-dsym";
				ENABLE_NS_ASSERTIONS = NO;
				ENABLE_STRICT_OBJC_MSGSEND = YES;
				FRAMEWORK_SEARCH_PATHS = "$(SRCROOT)/../../SharedCode/build/xcode-frameworks";
				GCC_C_LANGUAGE_STANDARD = gnu11;
				GCC_NO_COMMON_BLOCKS = YES;
				GCC_WARN_64_TO_32_BIT_CONVERSION = YES;
				GCC_WARN_ABOUT_RETURN_TYPE = YES_ERROR;
				GCC_WARN_UNDECLARED_SELECTOR = YES;
				GCC_WARN_UNINITIALIZED_AUTOS = YES_AGGRESSIVE;
				GCC_WARN_UNUSED_FUNCTION = YES;
				GCC_WARN_UNUSED_VARIABLE = YES;
				IPHONEOS_DEPLOYMENT_TARGET = 13.0;
				MTL_ENABLE_DEBUG_INFO = NO;
				MTL_FAST_MATH = YES;
				SDKROOT = iphoneos;
				SWIFT_OPTIMIZATION_LEVEL = "-Owholemodule";
				VALIDATE_PRODUCT = YES;
			};
			name = Release;
		};
		D2BEC95123421FEC001C13AB /* Debug */ = {
			isa = XCBuildConfiguration;
			buildSettings = {
				ASSETCATALOG_COMPILER_APPICON_NAME = AppIcon;
				CODE_SIGN_STYLE = Automatic;
				DEVELOPMENT_ASSET_PATHS = "";
				DEVELOPMENT_TEAM = K4N32QU4HD;
				ENABLE_PREVIEWS = YES;
				INFOPLIST_FILE = "Episode Tracker/Info.plist";
				IPHONEOS_DEPLOYMENT_TARGET = 12.0;
				LD_RUNPATH_SEARCH_PATHS = "$(inherited) @executable_path/Frameworks";
				PRODUCT_BUNDLE_IDENTIFIER = "dev.polek.Episode-Tracker";
				PRODUCT_NAME = "$(TARGET_NAME)";
				SWIFT_VERSION = 5.0;
				TARGETED_DEVICE_FAMILY = "1,2";
			};
			name = Debug;
		};
		D2BEC95223421FEC001C13AB /* Release */ = {
			isa = XCBuildConfiguration;
			buildSettings = {
				ASSETCATALOG_COMPILER_APPICON_NAME = AppIcon;
				CODE_SIGN_STYLE = Automatic;
				DEVELOPMENT_ASSET_PATHS = "";
				DEVELOPMENT_TEAM = K4N32QU4HD;
				ENABLE_PREVIEWS = YES;
				INFOPLIST_FILE = "Episode Tracker/Info.plist";
				IPHONEOS_DEPLOYMENT_TARGET = 12.0;
				LD_RUNPATH_SEARCH_PATHS = "$(inherited) @executable_path/Frameworks";
				PRODUCT_BUNDLE_IDENTIFIER = "dev.polek.Episode-Tracker";
				PRODUCT_NAME = "$(TARGET_NAME)";
				SWIFT_VERSION = 5.0;
				TARGETED_DEVICE_FAMILY = "1,2";
			};
			name = Release;
		};
		D2BEC95423421FEC001C13AB /* Debug */ = {
			isa = XCBuildConfiguration;
			buildSettings = {
				ALWAYS_EMBED_SWIFT_STANDARD_LIBRARIES = YES;
				CODE_SIGN_STYLE = Automatic;
				DEVELOPMENT_TEAM = K4N32QU4HD;
				INFOPLIST_FILE = "Episode TrackerUITests/Info.plist";
				LD_RUNPATH_SEARCH_PATHS = "$(inherited) @executable_path/Frameworks @loader_path/Frameworks";
				PRODUCT_BUNDLE_IDENTIFIER = "dev.polek.Episode-TrackerUITests";
				PRODUCT_NAME = "$(TARGET_NAME)";
				SWIFT_VERSION = 5.0;
				TARGETED_DEVICE_FAMILY = "1,2";
				TEST_TARGET_NAME = "Episode Tracker";
			};
			name = Debug;
		};
		D2BEC95523421FEC001C13AB /* Release */ = {
			isa = XCBuildConfiguration;
			buildSettings = {
				ALWAYS_EMBED_SWIFT_STANDARD_LIBRARIES = YES;
				CODE_SIGN_STYLE = Automatic;
				DEVELOPMENT_TEAM = K4N32QU4HD;
				INFOPLIST_FILE = "Episode TrackerUITests/Info.plist";
				LD_RUNPATH_SEARCH_PATHS = "$(inherited) @executable_path/Frameworks @loader_path/Frameworks";
				PRODUCT_BUNDLE_IDENTIFIER = "dev.polek.Episode-TrackerUITests";
				PRODUCT_NAME = "$(TARGET_NAME)";
				SWIFT_VERSION = 5.0;
				TARGETED_DEVICE_FAMILY = "1,2";
				TEST_TARGET_NAME = "Episode Tracker";
			};
			name = Release;
		};
/* End XCBuildConfiguration section */

/* Begin XCConfigurationList section */
		D2BEC92C23421FEB001C13AB /* Build configuration list for PBXProject "Episode Tracker" */ = {
			isa = XCConfigurationList;
			buildConfigurations = (
				D2BEC94E23421FEC001C13AB /* Debug */,
				D2BEC94F23421FEC001C13AB /* Release */,
			);
			defaultConfigurationIsVisible = 0;
			defaultConfigurationName = Release;
		};
		D2BEC95023421FEC001C13AB /* Build configuration list for PBXNativeTarget "Episode Tracker" */ = {
			isa = XCConfigurationList;
			buildConfigurations = (
				D2BEC95123421FEC001C13AB /* Debug */,
				D2BEC95223421FEC001C13AB /* Release */,
			);
			defaultConfigurationIsVisible = 0;
			defaultConfigurationName = Release;
		};
		D2BEC95323421FEC001C13AB /* Build configuration list for PBXNativeTarget "Episode TrackerUITests" */ = {
			isa = XCConfigurationList;
			buildConfigurations = (
				D2BEC95423421FEC001C13AB /* Debug */,
				D2BEC95523421FEC001C13AB /* Release */,
			);
			defaultConfigurationIsVisible = 0;
			defaultConfigurationName = Release;
		};
/* End XCConfigurationList section */
	};
	rootObject = D2BEC92923421FEB001C13AB /* Project object */;
}
