// !$*UTF8*$!
{
	archiveVersion = 1;
	classes = {
	};
	objectVersion = 51;
	objects = {

/* Begin PBXBuildFile section */
		142614C68DBC5A7FC08FD273 /* Pods_EpisodeTracker.framework in Frameworks */ = {isa = PBXBuildFile; fileRef = BA5BD7CB40732B5435C6506B /* Pods_EpisodeTracker.framework */; };
		D2BEEF1923A248820077F125 /* AppDelegate.swift in Sources */ = {isa = PBXBuildFile; fileRef = D2BEEF1823A248820077F125 /* AppDelegate.swift */; };
		D2BEEF2023A248820077F125 /* Main.storyboard in Resources */ = {isa = PBXBuildFile; fileRef = D2BEEF1E23A248820077F125 /* Main.storyboard */; };
		D2BEEF2223A248820077F125 /* Assets.xcassets in Resources */ = {isa = PBXBuildFile; fileRef = D2BEEF2123A248820077F125 /* Assets.xcassets */; };
		D2BEEF2523A248820077F125 /* LaunchScreen.storyboard in Resources */ = {isa = PBXBuildFile; fileRef = D2BEEF2323A248820077F125 /* LaunchScreen.storyboard */; };
		D2BEEF2E23A24A1D0077F125 /* MyShowsViewController.swift in Sources */ = {isa = PBXBuildFile; fileRef = D2BEEF2D23A24A1D0077F125 /* MyShowsViewController.swift */; };
/* End PBXBuildFile section */

/* Begin PBXFileReference section */
		227D1BA30C42A7A3281315FF /* Pods-EpisodeTracker.release.xcconfig */ = {isa = PBXFileReference; includeInIndex = 1; lastKnownFileType = text.xcconfig; name = "Pods-EpisodeTracker.release.xcconfig"; path = "Target Support Files/Pods-EpisodeTracker/Pods-EpisodeTracker.release.xcconfig"; sourceTree = "<group>"; };
		A998D3B20E585233F3757CC8 /* Pods-EpisodeTracker.debug.xcconfig */ = {isa = PBXFileReference; includeInIndex = 1; lastKnownFileType = text.xcconfig; name = "Pods-EpisodeTracker.debug.xcconfig"; path = "Target Support Files/Pods-EpisodeTracker/Pods-EpisodeTracker.debug.xcconfig"; sourceTree = "<group>"; };
		BA5BD7CB40732B5435C6506B /* Pods_EpisodeTracker.framework */ = {isa = PBXFileReference; explicitFileType = wrapper.framework; includeInIndex = 0; path = Pods_EpisodeTracker.framework; sourceTree = BUILT_PRODUCTS_DIR; };
		D2BEEF1523A248820077F125 /* EpisodeTracker.app */ = {isa = PBXFileReference; explicitFileType = wrapper.application; includeInIndex = 0; path = EpisodeTracker.app; sourceTree = BUILT_PRODUCTS_DIR; };
		D2BEEF1823A248820077F125 /* AppDelegate.swift */ = {isa = PBXFileReference; lastKnownFileType = sourcecode.swift; path = AppDelegate.swift; sourceTree = "<group>"; };
		D2BEEF1F23A248820077F125 /* Base */ = {isa = PBXFileReference; lastKnownFileType = file.storyboard; name = Base; path = Base.lproj/Main.storyboard; sourceTree = "<group>"; };
		D2BEEF2123A248820077F125 /* Assets.xcassets */ = {isa = PBXFileReference; lastKnownFileType = folder.assetcatalog; path = Assets.xcassets; sourceTree = "<group>"; };
		D2BEEF2423A248820077F125 /* Base */ = {isa = PBXFileReference; lastKnownFileType = file.storyboard; name = Base; path = Base.lproj/LaunchScreen.storyboard; sourceTree = "<group>"; };
		D2BEEF2623A248820077F125 /* Info.plist */ = {isa = PBXFileReference; lastKnownFileType = text.plist.xml; path = Info.plist; sourceTree = "<group>"; };
		D2BEEF2D23A24A1D0077F125 /* MyShowsViewController.swift */ = {isa = PBXFileReference; lastKnownFileType = sourcecode.swift; path = MyShowsViewController.swift; sourceTree = "<group>"; };
/* End PBXFileReference section */

/* Begin PBXFrameworksBuildPhase section */
		D2BEEF1223A248820077F125 /* Frameworks */ = {
			isa = PBXFrameworksBuildPhase;
			buildActionMask = 2147483647;
			files = (
				142614C68DBC5A7FC08FD273 /* Pods_EpisodeTracker.framework in Frameworks */,
			);
			runOnlyForDeploymentPostprocessing = 0;
		};
/* End PBXFrameworksBuildPhase section */

/* Begin PBXGroup section */
		39BC37FA81559B3EC22A4FA1 /* Frameworks */ = {
			isa = PBXGroup;
			children = (
				BA5BD7CB40732B5435C6506B /* Pods_EpisodeTracker.framework */,
			);
			name = Frameworks;
			sourceTree = "<group>";
		};
		A176E50197D6C1B1A8725E84 /* Pods */ = {
			isa = PBXGroup;
			children = (
				A998D3B20E585233F3757CC8 /* Pods-EpisodeTracker.debug.xcconfig */,
				227D1BA30C42A7A3281315FF /* Pods-EpisodeTracker.release.xcconfig */,
			);
			path = Pods;
			sourceTree = "<group>";
		};
		D2BEEF0C23A248810077F125 = {
			isa = PBXGroup;
			children = (
				D2BEEF1723A248820077F125 /* EpisodeTracker */,
				D2BEEF1623A248820077F125 /* Products */,
				A176E50197D6C1B1A8725E84 /* Pods */,
				39BC37FA81559B3EC22A4FA1 /* Frameworks */,
			);
			sourceTree = "<group>";
		};
		D2BEEF1623A248820077F125 /* Products */ = {
			isa = PBXGroup;
			children = (
				D2BEEF1523A248820077F125 /* EpisodeTracker.app */,
			);
			name = Products;
			sourceTree = "<group>";
		};
		D2BEEF1723A248820077F125 /* EpisodeTracker */ = {
			isa = PBXGroup;
			children = (
				D2BEEF2C23A249F70077F125 /* MyShows */,
				D2BEEF1823A248820077F125 /* AppDelegate.swift */,
				D2BEEF1E23A248820077F125 /* Main.storyboard */,
				D2BEEF2123A248820077F125 /* Assets.xcassets */,
				D2BEEF2323A248820077F125 /* LaunchScreen.storyboard */,
				D2BEEF2623A248820077F125 /* Info.plist */,
			);
			path = EpisodeTracker;
			sourceTree = "<group>";
		};
		D2BEEF2C23A249F70077F125 /* MyShows */ = {
			isa = PBXGroup;
			children = (
				D2BEEF2D23A24A1D0077F125 /* MyShowsViewController.swift */,
			);
			path = MyShows;
			sourceTree = "<group>";
		};
/* End PBXGroup section */

/* Begin PBXNativeTarget section */
		D2BEEF1423A248820077F125 /* EpisodeTracker */ = {
			isa = PBXNativeTarget;
			buildConfigurationList = D2BEEF2923A248820077F125 /* Build configuration list for PBXNativeTarget "EpisodeTracker" */;
			buildPhases = (
				8F7CD8C2574BB838E65C2BE8 /* [CP] Check Pods Manifest.lock */,
				D2BEEF1123A248820077F125 /* Sources */,
				D2BEEF1223A248820077F125 /* Frameworks */,
				D2BEEF1323A248820077F125 /* Resources */,
				96D4C9F1867C50DD12B72966 /* [CP] Embed Pods Frameworks */,
			);
			buildRules = (
			);
			dependencies = (
			);
			name = EpisodeTracker;
			productName = EpisodeTracker;
			productReference = D2BEEF1523A248820077F125 /* EpisodeTracker.app */;
			productType = "com.apple.product-type.application";
		};
/* End PBXNativeTarget section */

/* Begin PBXProject section */
		D2BEEF0D23A248810077F125 /* Project object */ = {
			isa = PBXProject;
			attributes = {
				LastSwiftUpdateCheck = 1130;
				LastUpgradeCheck = 1130;
				ORGANIZATIONNAME = "Yury Polek";
				TargetAttributes = {
					D2BEEF1423A248820077F125 = {
						CreatedOnToolsVersion = 11.3;
					};
				};
			};
			buildConfigurationList = D2BEEF1023A248810077F125 /* Build configuration list for PBXProject "EpisodeTracker" */;
			compatibilityVersion = "Xcode 9.3";
			developmentRegion = en;
			hasScannedForEncodings = 0;
			knownRegions = (
				en,
				Base,
			);
			mainGroup = D2BEEF0C23A248810077F125;
			productRefGroup = D2BEEF1623A248820077F125 /* Products */;
			projectDirPath = "";
			projectRoot = "";
			targets = (
				D2BEEF1423A248820077F125 /* EpisodeTracker */,
			);
		};
/* End PBXProject section */

/* Begin PBXResourcesBuildPhase section */
		D2BEEF1323A248820077F125 /* Resources */ = {
			isa = PBXResourcesBuildPhase;
			buildActionMask = 2147483647;
			files = (
				D2BEEF2523A248820077F125 /* LaunchScreen.storyboard in Resources */,
				D2BEEF2223A248820077F125 /* Assets.xcassets in Resources */,
				D2BEEF2023A248820077F125 /* Main.storyboard in Resources */,
			);
			runOnlyForDeploymentPostprocessing = 0;
		};
/* End PBXResourcesBuildPhase section */

/* Begin PBXShellScriptBuildPhase section */
		8F7CD8C2574BB838E65C2BE8 /* [CP] Check Pods Manifest.lock */ = {
			isa = PBXShellScriptBuildPhase;
			buildActionMask = 2147483647;
			files = (
			);
			inputFileListPaths = (
			);
			inputPaths = (
				"${PODS_PODFILE_DIR_PATH}/Podfile.lock",
				"${PODS_ROOT}/Manifest.lock",
			);
			name = "[CP] Check Pods Manifest.lock";
			outputFileListPaths = (
			);
			outputPaths = (
				"$(DERIVED_FILE_DIR)/Pods-EpisodeTracker-checkManifestLockResult.txt",
			);
			runOnlyForDeploymentPostprocessing = 0;
			shellPath = /bin/sh;
			shellScript = "diff \"${PODS_PODFILE_DIR_PATH}/Podfile.lock\" \"${PODS_ROOT}/Manifest.lock\" > /dev/null\nif [ $? != 0 ] ; then\n    # print error to STDERR\n    echo \"error: The sandbox is not in sync with the Podfile.lock. Run 'pod install' or update your CocoaPods installation.\" >&2\n    exit 1\nfi\n# This output is used by Xcode 'outputs' to avoid re-running this script phase.\necho \"SUCCESS\" > \"${SCRIPT_OUTPUT_FILE_0}\"\n";
			showEnvVarsInLog = 0;
		};
		96D4C9F1867C50DD12B72966 /* [CP] Embed Pods Frameworks */ = {
			isa = PBXShellScriptBuildPhase;
			buildActionMask = 2147483647;
			files = (
			);
			inputFileListPaths = (
				"${PODS_ROOT}/Target Support Files/Pods-EpisodeTracker/Pods-EpisodeTracker-frameworks-${CONFIGURATION}-input-files.xcfilelist",
			);
			name = "[CP] Embed Pods Frameworks";
			outputFileListPaths = (
				"${PODS_ROOT}/Target Support Files/Pods-EpisodeTracker/Pods-EpisodeTracker-frameworks-${CONFIGURATION}-output-files.xcfilelist",
			);
			runOnlyForDeploymentPostprocessing = 0;
			shellPath = /bin/sh;
			shellScript = "\"${PODS_ROOT}/Target Support Files/Pods-EpisodeTracker/Pods-EpisodeTracker-frameworks.sh\"\n";
			showEnvVarsInLog = 0;
		};
/* End PBXShellScriptBuildPhase section */

/* Begin PBXSourcesBuildPhase section */
		D2BEEF1123A248820077F125 /* Sources */ = {
			isa = PBXSourcesBuildPhase;
			buildActionMask = 2147483647;
			files = (
				D2BEEF2E23A24A1D0077F125 /* MyShowsViewController.swift in Sources */,
				D2BEEF1923A248820077F125 /* AppDelegate.swift in Sources */,
			);
			runOnlyForDeploymentPostprocessing = 0;
		};
/* End PBXSourcesBuildPhase section */

/* Begin PBXVariantGroup section */
		D2BEEF1E23A248820077F125 /* Main.storyboard */ = {
			isa = PBXVariantGroup;
			children = (
				D2BEEF1F23A248820077F125 /* Base */,
			);
			name = Main.storyboard;
			sourceTree = "<group>";
		};
		D2BEEF2323A248820077F125 /* LaunchScreen.storyboard */ = {
			isa = PBXVariantGroup;
			children = (
				D2BEEF2423A248820077F125 /* Base */,
			);
			name = LaunchScreen.storyboard;
			sourceTree = "<group>";
		};
/* End PBXVariantGroup section */

/* Begin XCBuildConfiguration section */
		D2BEEF2723A248820077F125 /* Debug */ = {
			isa = XCBuildConfiguration;
			buildSettings = {
				ALWAYS_SEARCH_USER_PATHS = NO;
				CLANG_ANALYZER_NONNULL = YES;
				CLANG_ANALYZER_NUMBER_OBJECT_CONVERSION = YES_AGGRESSIVE;
				CLANG_CXX_LANGUAGE_STANDARD = "gnu++14";
				CLANG_CXX_LIBRARY = "libc++";
				CLANG_ENABLE_MODULES = YES;
				CLANG_ENABLE_OBJC_ARC = YES;
				CLANG_ENABLE_OBJC_WEAK = YES;
				CLANG_WARN_BLOCK_CAPTURE_AUTORELEASING = YES;
				CLANG_WARN_BOOL_CONVERSION = YES;
				CLANG_WARN_COMMA = YES;
				CLANG_WARN_CONSTANT_CONVERSION = YES;
				CLANG_WARN_DEPRECATED_OBJC_IMPLEMENTATIONS = YES;
				CLANG_WARN_DIRECT_OBJC_ISA_USAGE = YES_ERROR;
				CLANG_WARN_DOCUMENTATION_COMMENTS = YES;
				CLANG_WARN_EMPTY_BODY = YES;
				CLANG_WARN_ENUM_CONVERSION = YES;
				CLANG_WARN_INFINITE_RECURSION = YES;
				CLANG_WARN_INT_CONVERSION = YES;
				CLANG_WARN_NON_LITERAL_NULL_CONVERSION = YES;
				CLANG_WARN_OBJC_IMPLICIT_RETAIN_SELF = YES;
				CLANG_WARN_OBJC_LITERAL_CONVERSION = YES;
				CLANG_WARN_OBJC_ROOT_CLASS = YES_ERROR;
				CLANG_WARN_RANGE_LOOP_ANALYSIS = YES;
				CLANG_WARN_STRICT_PROTOTYPES = YES;
				CLANG_WARN_SUSPICIOUS_MOVE = YES;
				CLANG_WARN_UNGUARDED_AVAILABILITY = YES_AGGRESSIVE;
				CLANG_WARN_UNREACHABLE_CODE = YES;
				CLANG_WARN__DUPLICATE_METHOD_MATCH = YES;
				COPY_PHASE_STRIP = NO;
				DEBUG_INFORMATION_FORMAT = dwarf;
				ENABLE_STRICT_OBJC_MSGSEND = YES;
				ENABLE_TESTABILITY = YES;
				GCC_C_LANGUAGE_STANDARD = gnu11;
				GCC_DYNAMIC_NO_PIC = NO;
				GCC_NO_COMMON_BLOCKS = YES;
				GCC_OPTIMIZATION_LEVEL = 0;
				GCC_PREPROCESSOR_DEFINITIONS = (
					"DEBUG=1",
					"$(inherited)",
				);
				GCC_WARN_64_TO_32_BIT_CONVERSION = YES;
				GCC_WARN_ABOUT_RETURN_TYPE = YES_ERROR;
				GCC_WARN_UNDECLARED_SELECTOR = YES;
				GCC_WARN_UNINITIALIZED_AUTOS = YES_AGGRESSIVE;
				GCC_WARN_UNUSED_FUNCTION = YES;
				GCC_WARN_UNUSED_VARIABLE = YES;
				IPHONEOS_DEPLOYMENT_TARGET = 13.2;
				MTL_ENABLE_DEBUG_INFO = INCLUDE_SOURCE;
				MTL_FAST_MATH = YES;
				ONLY_ACTIVE_ARCH = YES;
				SDKROOT = iphoneos;
				SWIFT_ACTIVE_COMPILATION_CONDITIONS = DEBUG;
				SWIFT_OPTIMIZATION_LEVEL = "-Onone";
			};
			name = Debug;
		};
		D2BEEF2823A248820077F125 /* Release */ = {
			isa = XCBuildConfiguration;
			buildSettings = {
				ALWAYS_SEARCH_USER_PATHS = NO;
				CLANG_ANALYZER_NONNULL = YES;
				CLANG_ANALYZER_NUMBER_OBJECT_CONVERSION = YES_AGGRESSIVE;
				CLANG_CXX_LANGUAGE_STANDARD = "gnu++14";
				CLANG_CXX_LIBRARY = "libc++";
				CLANG_ENABLE_MODULES = YES;
				CLANG_ENABLE_OBJC_ARC = YES;
				CLANG_ENABLE_OBJC_WEAK = YES;
				CLANG_WARN_BLOCK_CAPTURE_AUTORELEASING = YES;
				CLANG_WARN_BOOL_CONVERSION = YES;
				CLANG_WARN_COMMA = YES;
				CLANG_WARN_CONSTANT_CONVERSION = YES;
				CLANG_WARN_DEPRECATED_OBJC_IMPLEMENTATIONS = YES;
				CLANG_WARN_DIRECT_OBJC_ISA_USAGE = YES_ERROR;
				CLANG_WARN_DOCUMENTATION_COMMENTS = YES;
				CLANG_WARN_EMPTY_BODY = YES;
				CLANG_WARN_ENUM_CONVERSION = YES;
				CLANG_WARN_INFINITE_RECURSION = YES;
				CLANG_WARN_INT_CONVERSION = YES;
				CLANG_WARN_NON_LITERAL_NULL_CONVERSION = YES;
				CLANG_WARN_OBJC_IMPLICIT_RETAIN_SELF = YES;
				CLANG_WARN_OBJC_LITERAL_CONVERSION = YES;
				CLANG_WARN_OBJC_ROOT_CLASS = YES_ERROR;
				CLANG_WARN_RANGE_LOOP_ANALYSIS = YES;
				CLANG_WARN_STRICT_PROTOTYPES = YES;
				CLANG_WARN_SUSPICIOUS_MOVE = YES;
				CLANG_WARN_UNGUARDED_AVAILABILITY = YES_AGGRESSIVE;
				CLANG_WARN_UNREACHABLE_CODE = YES;
				CLANG_WARN__DUPLICATE_METHOD_MATCH = YES;
				COPY_PHASE_STRIP = NO;
				DEBUG_INFORMATION_FORMAT = "dwarf-with-dsym";
				ENABLE_NS_ASSERTIONS = NO;
				ENABLE_STRICT_OBJC_MSGSEND = YES;
				GCC_C_LANGUAGE_STANDARD = gnu11;
				GCC_NO_COMMON_BLOCKS = YES;
				GCC_WARN_64_TO_32_BIT_CONVERSION = YES;
				GCC_WARN_ABOUT_RETURN_TYPE = YES_ERROR;
				GCC_WARN_UNDECLARED_SELECTOR = YES;
				GCC_WARN_UNINITIALIZED_AUTOS = YES_AGGRESSIVE;
				GCC_WARN_UNUSED_FUNCTION = YES;
				GCC_WARN_UNUSED_VARIABLE = YES;
				IPHONEOS_DEPLOYMENT_TARGET = 13.2;
				MTL_ENABLE_DEBUG_INFO = NO;
				MTL_FAST_MATH = YES;
				SDKROOT = iphoneos;
				SWIFT_COMPILATION_MODE = wholemodule;
				SWIFT_OPTIMIZATION_LEVEL = "-O";
				VALIDATE_PRODUCT = YES;
			};
			name = Release;
		};
		D2BEEF2A23A248820077F125 /* Debug */ = {
			isa = XCBuildConfiguration;
			baseConfigurationReference = A998D3B20E585233F3757CC8 /* Pods-EpisodeTracker.debug.xcconfig */;
			buildSettings = {
				ASSETCATALOG_COMPILER_APPICON_NAME = AppIcon;
				CODE_SIGN_STYLE = Automatic;
				DEVELOPMENT_TEAM = K4N32QU4HD;
				INFOPLIST_FILE = EpisodeTracker/Info.plist;
				IPHONEOS_DEPLOYMENT_TARGET = 12.0;
				LD_RUNPATH_SEARCH_PATHS = (
					"$(inherited)",
					"@executable_path/Frameworks",
				);
				PRODUCT_BUNDLE_IDENTIFIER = dev.polek.EpisodeTracker;
				PRODUCT_NAME = "$(TARGET_NAME)";
				SWIFT_VERSION = 5.0;
				TARGETED_DEVICE_FAMILY = "1,2";
			};
			name = Debug;
		};
		D2BEEF2B23A248820077F125 /* Release */ = {
			isa = XCBuildConfiguration;
			baseConfigurationReference = 227D1BA30C42A7A3281315FF /* Pods-EpisodeTracker.release.xcconfig */;
			buildSettings = {
				ASSETCATALOG_COMPILER_APPICON_NAME = AppIcon;
				CODE_SIGN_STYLE = Automatic;
				DEVELOPMENT_TEAM = K4N32QU4HD;
				INFOPLIST_FILE = EpisodeTracker/Info.plist;
				IPHONEOS_DEPLOYMENT_TARGET = 12.0;
				LD_RUNPATH_SEARCH_PATHS = (
					"$(inherited)",
					"@executable_path/Frameworks",
				);
				PRODUCT_BUNDLE_IDENTIFIER = dev.polek.EpisodeTracker;
				PRODUCT_NAME = "$(TARGET_NAME)";
				SWIFT_VERSION = 5.0;
				TARGETED_DEVICE_FAMILY = "1,2";
			};
			name = Release;
		};
/* End XCBuildConfiguration section */

/* Begin XCConfigurationList section */
		D2BEEF1023A248810077F125 /* Build configuration list for PBXProject "EpisodeTracker" */ = {
			isa = XCConfigurationList;
			buildConfigurations = (
				D2BEEF2723A248820077F125 /* Debug */,
				D2BEEF2823A248820077F125 /* Release */,
			);
			defaultConfigurationIsVisible = 0;
			defaultConfigurationName = Release;
		};
		D2BEEF2923A248820077F125 /* Build configuration list for PBXNativeTarget "EpisodeTracker" */ = {
			isa = XCConfigurationList;
			buildConfigurations = (
				D2BEEF2A23A248820077F125 /* Debug */,
				D2BEEF2B23A248820077F125 /* Release */,
			);
			defaultConfigurationIsVisible = 0;
			defaultConfigurationName = Release;
		};
/* End XCConfigurationList section */
	};
	rootObject = D2BEEF0D23A248810077F125 /* Project object */;
}
