// !$*UTF8*$!
{
	archiveVersion = 1;
	classes = {
	};
	objectVersion = 51;
	objects = {

/* Begin PBXBuildFile section */
		142614C68DBC5A7FC08FD273 /* Pods_EpisodeTracker.framework in Frameworks */ = {isa = PBXBuildFile; fileRef = BA5BD7CB40732B5435C6506B /* Pods_EpisodeTracker.framework */; };
		D205221F23ECA5D4003F9F6B /* SeasonHeaderView.xib in Resources */ = {isa = PBXBuildFile; fileRef = D205221E23ECA5D4003F9F6B /* SeasonHeaderView.xib */; };
		D222456323EE12C900082162 /* MyShowsHeaderView.xib in Resources */ = {isa = PBXBuildFile; fileRef = D222456223EE12C900082162 /* MyShowsHeaderView.xib */; };
		D222456523EE147900082162 /* MyShowsHeaderView.swift in Sources */ = {isa = PBXBuildFile; fileRef = D222456423EE147900082162 /* MyShowsHeaderView.swift */; };
		D2242C1223F1B4F5001C8608 /* PadView.swift in Sources */ = {isa = PBXBuildFile; fileRef = D2242C1123F1B4F5001C8608 /* PadView.swift */; };
		D22A897A2406CBB200014861 /* FloatingButton.swift in Sources */ = {isa = PBXBuildFile; fileRef = D22A89792406CBB200014861 /* FloatingButton.swift */; };
		D232E73323F59E6300F024B9 /* AboutShowViewController.swift in Sources */ = {isa = PBXBuildFile; fileRef = D232E73223F59E6300F024B9 /* AboutShowViewController.swift */; };
		D232E73523F5ED6E00F024B9 /* GenreCell.swift in Sources */ = {isa = PBXBuildFile; fileRef = D232E73423F5ED6E00F024B9 /* GenreCell.swift */; };
		D234846623FEBF12001BA5E5 /* IconButton.xib in Resources */ = {isa = PBXBuildFile; fileRef = D234846523FEBF12001BA5E5 /* IconButton.xib */; };
		D234846823FEBF79001BA5E5 /* IconButton.swift in Sources */ = {isa = PBXBuildFile; fileRef = D234846723FEBF79001BA5E5 /* IconButton.swift */; };
		D238771623E5745300688E01 /* ShowDetailsViewController.swift in Sources */ = {isa = PBXBuildFile; fileRef = D238771523E5745300688E01 /* ShowDetailsViewController.swift */; };
		D238771923E5796200688E01 /* ShowDetails.storyboard in Resources */ = {isa = PBXBuildFile; fileRef = D238771823E5796200688E01 /* ShowDetails.storyboard */; };
		D238A286242F8E0200510403 /* ToWatchCell.swift in Sources */ = {isa = PBXBuildFile; fileRef = D238A285242F8E0200510403 /* ToWatchCell.swift */; };
		D238A28A242FA0A900510403 /* ToWatchShow+ListDiffable.swift in Sources */ = {isa = PBXBuildFile; fileRef = D238A289242FA0A900510403 /* ToWatchShow+ListDiffable.swift */; };
		D238A28C243010F600510403 /* MyShows.storyboard in Resources */ = {isa = PBXBuildFile; fileRef = D238A28B243010F600510403 /* MyShows.storyboard */; };
		D238A2912430119F00510403 /* Discover.storyboard in Resources */ = {isa = PBXBuildFile; fileRef = D238A2902430119F00510403 /* Discover.storyboard */; };
		D26B4827241A30F700156F82 /* Ints.swift in Sources */ = {isa = PBXBuildFile; fileRef = D26B4826241A30F700156F82 /* Ints.swift */; };
		D28792D523F887140071E46B /* TrailerCell.swift in Sources */ = {isa = PBXBuildFile; fileRef = D28792D423F887140071E46B /* TrailerCell.swift */; };
		D2906596242E87D2004CF818 /* GradientView.swift in Sources */ = {isa = PBXBuildFile; fileRef = D2906595242E87D2004CF818 /* GradientView.swift */; };
		D293933124184B6B00F028C6 /* ErrorView.swift in Sources */ = {isa = PBXBuildFile; fileRef = D293933024184B6B00F028C6 /* ErrorView.swift */; };
		D29D7AEF23A24D4400B2832D /* SharedCode.framework in Frameworks */ = {isa = PBXBuildFile; fileRef = D29D7AEE23A24D4400B2832D /* SharedCode.framework */; };
		D29D7AF023A24D4400B2832D /* SharedCode.framework in Embed Frameworks */ = {isa = PBXBuildFile; fileRef = D29D7AEE23A24D4400B2832D /* SharedCode.framework */; settings = {ATTRIBUTES = (CodeSignOnCopy, RemoveHeadersOnCopy, ); }; };
		D29D7AFE23A2974700B2832D /* UpcomingShowCell.swift in Sources */ = {isa = PBXBuildFile; fileRef = D29D7AFD23A2974700B2832D /* UpcomingShowCell.swift */; };
		D29D7B0023A299DE00B2832D /* ShowCell.swift in Sources */ = {isa = PBXBuildFile; fileRef = D29D7AFF23A299DE00B2832D /* ShowCell.swift */; };
		D29D7B0323A2A93D00B2832D /* ImageView.swift in Sources */ = {isa = PBXBuildFile; fileRef = D29D7B0223A2A93D00B2832D /* ImageView.swift */; };
		D29D7B0623A2CD0600B2832D /* Colors.swift in Sources */ = {isa = PBXBuildFile; fileRef = D29D7B0523A2CD0600B2832D /* Colors.swift */; };
		D29D7B0823A2D47D00B2832D /* Divider.swift in Sources */ = {isa = PBXBuildFile; fileRef = D29D7B0723A2D47D00B2832D /* Divider.swift */; };
		D29D7B0D23A3BF3A00B2832D /* ToWatchViewController.swift in Sources */ = {isa = PBXBuildFile; fileRef = D29D7B0C23A3BF3A00B2832D /* ToWatchViewController.swift */; };
		D29D7B0F23A3DC6B00B2832D /* AttributedStrings.swift in Sources */ = {isa = PBXBuildFile; fileRef = D29D7B0E23A3DC6B00B2832D /* AttributedStrings.swift */; };
		D29D7B1123A3E00700B2832D /* Fonts.swift in Sources */ = {isa = PBXBuildFile; fileRef = D29D7B1023A3E00700B2832D /* Fonts.swift */; };
		D29D7B1423A44F9A00B2832D /* DiscoverViewController.swift in Sources */ = {isa = PBXBuildFile; fileRef = D29D7B1323A44F9A00B2832D /* DiscoverViewController.swift */; };
		D29D7B1623A5063A00B2832D /* DiscoverResultCell.swift in Sources */ = {isa = PBXBuildFile; fileRef = D29D7B1523A5063A00B2832D /* DiscoverResultCell.swift */; };
		D29DCACE23F93BCE00491ACD /* RippleCollectionViewCell.swift in Sources */ = {isa = PBXBuildFile; fileRef = D29DCACD23F93BCE00491ACD /* RippleCollectionViewCell.swift */; };
		D29DCAD023F9A68B00491ACD /* CastMemberCell.swift in Sources */ = {isa = PBXBuildFile; fileRef = D29DCACF23F9A68B00491ACD /* CastMemberCell.swift */; };
		D2A0443D23F9FDEF00640850 /* AboutShow.storyboard in Resources */ = {isa = PBXBuildFile; fileRef = D2A0443C23F9FDEF00640850 /* AboutShow.storyboard */; };
		D2A0443F23FA049E00640850 /* Episodes.storyboard in Resources */ = {isa = PBXBuildFile; fileRef = D2A0443E23FA049E00640850 /* Episodes.storyboard */; };
		D2AB72F223E8B70800BA9576 /* EpisodesViewController.swift in Sources */ = {isa = PBXBuildFile; fileRef = D2AB72F123E8B70800BA9576 /* EpisodesViewController.swift */; };
		D2B1DE2824313F2D000AC44A /* ToWatch.storyboard in Resources */ = {isa = PBXBuildFile; fileRef = D2B1DE2724313F2D000AC44A /* ToWatch.storyboard */; };
		D2B1DE2B24315DEB000AC44A /* EmptyView.xib in Resources */ = {isa = PBXBuildFile; fileRef = D2B1DE2A24315DEB000AC44A /* EmptyView.xib */; };
		D2B1DE2D24316071000AC44A /* EmptyView.swift in Sources */ = {isa = PBXBuildFile; fileRef = D2B1DE2C24316071000AC44A /* EmptyView.swift */; };
		D2BD772223EB642D002AE94F /* Checkbox.xib in Resources */ = {isa = PBXBuildFile; fileRef = D2BD772123EB642D002AE94F /* Checkbox.xib */; };
		D2BD772423EB6470002AE94F /* Checkbox.swift in Sources */ = {isa = PBXBuildFile; fileRef = D2BD772323EB6470002AE94F /* Checkbox.swift */; };
		D2BEEF1923A248820077F125 /* AppDelegate.swift in Sources */ = {isa = PBXBuildFile; fileRef = D2BEEF1823A248820077F125 /* AppDelegate.swift */; };
		D2BEEF2023A248820077F125 /* Main.storyboard in Resources */ = {isa = PBXBuildFile; fileRef = D2BEEF1E23A248820077F125 /* Main.storyboard */; };
		D2BEEF2223A248820077F125 /* Assets.xcassets in Resources */ = {isa = PBXBuildFile; fileRef = D2BEEF2123A248820077F125 /* Assets.xcassets */; };
		D2BEEF2523A248820077F125 /* LaunchScreen.storyboard in Resources */ = {isa = PBXBuildFile; fileRef = D2BEEF2323A248820077F125 /* LaunchScreen.storyboard */; };
		D2BEEF2E23A24A1D0077F125 /* MyShowsViewController.swift in Sources */ = {isa = PBXBuildFile; fileRef = D2BEEF2D23A24A1D0077F125 /* MyShowsViewController.swift */; };
		D2C1762023FEAFF600BE0137 /* Urls.swift in Sources */ = {isa = PBXBuildFile; fileRef = D2C1761F23FEAFF600BE0137 /* Urls.swift */; };
		D2C201372433E11800BA5622 /* MyShowViewModel+ListDiffable.swift in Sources */ = {isa = PBXBuildFile; fileRef = D2C201362433E11800BA5622 /* MyShowViewModel+ListDiffable.swift */; };
		D2C283C523E9F648002BEE91 /* SeasonHeaderView.swift in Sources */ = {isa = PBXBuildFile; fileRef = D2C283C423E9F648002BEE91 /* SeasonHeaderView.swift */; };
		D2C283C723EA1D9A002BEE91 /* EpisodeCell.swift in Sources */ = {isa = PBXBuildFile; fileRef = D2C283C623EA1D9A002BEE91 /* EpisodeCell.swift */; };
		D2C7E97923FC629100DA8C4E /* RecommendationCell.swift in Sources */ = {isa = PBXBuildFile; fileRef = D2C7E97823FC629100DA8C4E /* RecommendationCell.swift */; };
		D2CC728D2414E87C00D4AD01 /* Animations.swift in Sources */ = {isa = PBXBuildFile; fileRef = D2CC728C2414E87C00D4AD01 /* Animations.swift */; };
		D2CC72922416E8A500D4AD01 /* ErrorView.xib in Resources */ = {isa = PBXBuildFile; fileRef = D2CC72912416E8A500D4AD01 /* ErrorView.xib */; };
		D2CEB3E523DCF9BB006D26BF /* RippleTableViewCell.swift in Sources */ = {isa = PBXBuildFile; fileRef = D2CEB3E423DCF9BB006D26BF /* RippleTableViewCell.swift */; };
		D2D5E33523FDE88300FE6234 /* ImdbBadge.xib in Resources */ = {isa = PBXBuildFile; fileRef = D2D5E33423FDE88300FE6234 /* ImdbBadge.xib */; };
		D2D5E33723FDF17E00FE6234 /* ImdbBadge.swift in Sources */ = {isa = PBXBuildFile; fileRef = D2D5E33623FDF17E00FE6234 /* ImdbBadge.swift */; };
		D2D905CB23A8F89A00E45753 /* TableView.swift in Sources */ = {isa = PBXBuildFile; fileRef = D2D905CA23A8F89A00E45753 /* TableView.swift */; };
		D2D905CE23A96A6E00E45753 /* ImageButton.xib in Resources */ = {isa = PBXBuildFile; fileRef = D2D905CD23A96A6E00E45753 /* ImageButton.xib */; };
		D2D905D023A96CCB00E45753 /* ImageButton.swift in Sources */ = {isa = PBXBuildFile; fileRef = D2D905CF23A96CCB00E45753 /* ImageButton.swift */; };
		D2EDA463241EB56700EAD144 /* ConnectivityImpl.swift in Sources */ = {isa = PBXBuildFile; fileRef = D2EDA462241EB56700EAD144 /* ConnectivityImpl.swift */; };
		D2EDA465241EC00B00EAD144 /* Log.swift in Sources */ = {isa = PBXBuildFile; fileRef = D2EDA464241EC00B00EAD144 /* Log.swift */; };
		D2F09F0F23F40675003BFFAA /* NavigationController.swift in Sources */ = {isa = PBXBuildFile; fileRef = D2F09F0E23F40675003BFFAA /* NavigationController.swift */; };
/* End PBXBuildFile section */

/* Begin PBXCopyFilesBuildPhase section */
		D29D7AF123A24D4500B2832D /* Embed Frameworks */ = {
			isa = PBXCopyFilesBuildPhase;
			buildActionMask = 2147483647;
			dstPath = "";
			dstSubfolderSpec = 10;
			files = (
				D29D7AF023A24D4400B2832D /* SharedCode.framework in Embed Frameworks */,
			);
			name = "Embed Frameworks";
			runOnlyForDeploymentPostprocessing = 0;
		};
/* End PBXCopyFilesBuildPhase section */

/* Begin PBXFileReference section */
		227D1BA30C42A7A3281315FF /* Pods-EpisodeTracker.release.xcconfig */ = {isa = PBXFileReference; includeInIndex = 1; lastKnownFileType = text.xcconfig; name = "Pods-EpisodeTracker.release.xcconfig"; path = "Target Support Files/Pods-EpisodeTracker/Pods-EpisodeTracker.release.xcconfig"; sourceTree = "<group>"; };
		A998D3B20E585233F3757CC8 /* Pods-EpisodeTracker.debug.xcconfig */ = {isa = PBXFileReference; includeInIndex = 1; lastKnownFileType = text.xcconfig; name = "Pods-EpisodeTracker.debug.xcconfig"; path = "Target Support Files/Pods-EpisodeTracker/Pods-EpisodeTracker.debug.xcconfig"; sourceTree = "<group>"; };
		BA5BD7CB40732B5435C6506B /* Pods_EpisodeTracker.framework */ = {isa = PBXFileReference; explicitFileType = wrapper.framework; includeInIndex = 0; path = Pods_EpisodeTracker.framework; sourceTree = BUILT_PRODUCTS_DIR; };
		D205221E23ECA5D4003F9F6B /* SeasonHeaderView.xib */ = {isa = PBXFileReference; lastKnownFileType = file.xib; path = SeasonHeaderView.xib; sourceTree = "<group>"; };
		D222456223EE12C900082162 /* MyShowsHeaderView.xib */ = {isa = PBXFileReference; lastKnownFileType = file.xib; path = MyShowsHeaderView.xib; sourceTree = "<group>"; };
		D222456423EE147900082162 /* MyShowsHeaderView.swift */ = {isa = PBXFileReference; lastKnownFileType = sourcecode.swift; path = MyShowsHeaderView.swift; sourceTree = "<group>"; };
		D2242C1123F1B4F5001C8608 /* PadView.swift */ = {isa = PBXFileReference; lastKnownFileType = sourcecode.swift; path = PadView.swift; sourceTree = "<group>"; };
		D22A89792406CBB200014861 /* FloatingButton.swift */ = {isa = PBXFileReference; lastKnownFileType = sourcecode.swift; path = FloatingButton.swift; sourceTree = "<group>"; };
		D232E73223F59E6300F024B9 /* AboutShowViewController.swift */ = {isa = PBXFileReference; lastKnownFileType = sourcecode.swift; path = AboutShowViewController.swift; sourceTree = "<group>"; };
		D232E73423F5ED6E00F024B9 /* GenreCell.swift */ = {isa = PBXFileReference; lastKnownFileType = sourcecode.swift; path = GenreCell.swift; sourceTree = "<group>"; };
		D234846523FEBF12001BA5E5 /* IconButton.xib */ = {isa = PBXFileReference; lastKnownFileType = file.xib; path = IconButton.xib; sourceTree = "<group>"; };
		D234846723FEBF79001BA5E5 /* IconButton.swift */ = {isa = PBXFileReference; lastKnownFileType = sourcecode.swift; path = IconButton.swift; sourceTree = "<group>"; };
		D238771523E5745300688E01 /* ShowDetailsViewController.swift */ = {isa = PBXFileReference; lastKnownFileType = sourcecode.swift; path = ShowDetailsViewController.swift; sourceTree = "<group>"; };
		D238771823E5796200688E01 /* ShowDetails.storyboard */ = {isa = PBXFileReference; lastKnownFileType = file.storyboard; path = ShowDetails.storyboard; sourceTree = "<group>"; };
		D238A285242F8E0200510403 /* ToWatchCell.swift */ = {isa = PBXFileReference; lastKnownFileType = sourcecode.swift; path = ToWatchCell.swift; sourceTree = "<group>"; };
		D238A289242FA0A900510403 /* ToWatchShow+ListDiffable.swift */ = {isa = PBXFileReference; lastKnownFileType = sourcecode.swift; path = "ToWatchShow+ListDiffable.swift"; sourceTree = "<group>"; };
		D238A28B243010F600510403 /* MyShows.storyboard */ = {isa = PBXFileReference; fileEncoding = 4; lastKnownFileType = file.storyboard; path = MyShows.storyboard; sourceTree = "<group>"; };
		D238A2902430119F00510403 /* Discover.storyboard */ = {isa = PBXFileReference; fileEncoding = 4; lastKnownFileType = file.storyboard; path = Discover.storyboard; sourceTree = SOURCE_ROOT; };
		D26B4826241A30F700156F82 /* Ints.swift */ = {isa = PBXFileReference; lastKnownFileType = sourcecode.swift; path = Ints.swift; sourceTree = "<group>"; };
		D28792D423F887140071E46B /* TrailerCell.swift */ = {isa = PBXFileReference; lastKnownFileType = sourcecode.swift; path = TrailerCell.swift; sourceTree = "<group>"; };
		D2906595242E87D2004CF818 /* GradientView.swift */ = {isa = PBXFileReference; lastKnownFileType = sourcecode.swift; path = GradientView.swift; sourceTree = "<group>"; };
		D293933024184B6B00F028C6 /* ErrorView.swift */ = {isa = PBXFileReference; lastKnownFileType = sourcecode.swift; path = ErrorView.swift; sourceTree = "<group>"; };
		D29D7AEE23A24D4400B2832D /* SharedCode.framework */ = {isa = PBXFileReference; lastKnownFileType = wrapper.framework; name = SharedCode.framework; path = "../../SharedCode/build/xcode-frameworks/SharedCode.framework"; sourceTree = "<group>"; };
		D29D7AFD23A2974700B2832D /* UpcomingShowCell.swift */ = {isa = PBXFileReference; lastKnownFileType = sourcecode.swift; path = UpcomingShowCell.swift; sourceTree = "<group>"; };
		D29D7AFF23A299DE00B2832D /* ShowCell.swift */ = {isa = PBXFileReference; lastKnownFileType = sourcecode.swift; path = ShowCell.swift; sourceTree = "<group>"; };
		D29D7B0223A2A93D00B2832D /* ImageView.swift */ = {isa = PBXFileReference; lastKnownFileType = sourcecode.swift; path = ImageView.swift; sourceTree = "<group>"; };
		D29D7B0523A2CD0600B2832D /* Colors.swift */ = {isa = PBXFileReference; lastKnownFileType = sourcecode.swift; path = Colors.swift; sourceTree = "<group>"; };
		D29D7B0723A2D47D00B2832D /* Divider.swift */ = {isa = PBXFileReference; lastKnownFileType = sourcecode.swift; path = Divider.swift; sourceTree = "<group>"; };
		D29D7B0C23A3BF3A00B2832D /* ToWatchViewController.swift */ = {isa = PBXFileReference; lastKnownFileType = sourcecode.swift; path = ToWatchViewController.swift; sourceTree = "<group>"; };
		D29D7B0E23A3DC6B00B2832D /* AttributedStrings.swift */ = {isa = PBXFileReference; lastKnownFileType = sourcecode.swift; path = AttributedStrings.swift; sourceTree = "<group>"; };
		D29D7B1023A3E00700B2832D /* Fonts.swift */ = {isa = PBXFileReference; lastKnownFileType = sourcecode.swift; path = Fonts.swift; sourceTree = "<group>"; };
		D29D7B1323A44F9A00B2832D /* DiscoverViewController.swift */ = {isa = PBXFileReference; lastKnownFileType = sourcecode.swift; path = DiscoverViewController.swift; sourceTree = "<group>"; };
		D29D7B1523A5063A00B2832D /* DiscoverResultCell.swift */ = {isa = PBXFileReference; lastKnownFileType = sourcecode.swift; path = DiscoverResultCell.swift; sourceTree = "<group>"; };
		D29DCACD23F93BCE00491ACD /* RippleCollectionViewCell.swift */ = {isa = PBXFileReference; lastKnownFileType = sourcecode.swift; path = RippleCollectionViewCell.swift; sourceTree = "<group>"; };
		D29DCACF23F9A68B00491ACD /* CastMemberCell.swift */ = {isa = PBXFileReference; lastKnownFileType = sourcecode.swift; path = CastMemberCell.swift; sourceTree = "<group>"; };
		D2A0443C23F9FDEF00640850 /* AboutShow.storyboard */ = {isa = PBXFileReference; fileEncoding = 4; lastKnownFileType = file.storyboard; path = AboutShow.storyboard; sourceTree = "<group>"; };
		D2A0443E23FA049E00640850 /* Episodes.storyboard */ = {isa = PBXFileReference; fileEncoding = 4; lastKnownFileType = file.storyboard; path = Episodes.storyboard; sourceTree = "<group>"; };
		D2AB72F123E8B70800BA9576 /* EpisodesViewController.swift */ = {isa = PBXFileReference; lastKnownFileType = sourcecode.swift; path = EpisodesViewController.swift; sourceTree = "<group>"; };
		D2B1DE2724313F2D000AC44A /* ToWatch.storyboard */ = {isa = PBXFileReference; fileEncoding = 4; lastKnownFileType = file.storyboard; path = ToWatch.storyboard; sourceTree = "<group>"; };
		D2B1DE2A24315DEB000AC44A /* EmptyView.xib */ = {isa = PBXFileReference; lastKnownFileType = file.xib; path = EmptyView.xib; sourceTree = "<group>"; };
		D2B1DE2C24316071000AC44A /* EmptyView.swift */ = {isa = PBXFileReference; lastKnownFileType = sourcecode.swift; path = EmptyView.swift; sourceTree = "<group>"; };
		D2BD772123EB642D002AE94F /* Checkbox.xib */ = {isa = PBXFileReference; lastKnownFileType = file.xib; path = Checkbox.xib; sourceTree = "<group>"; };
		D2BD772323EB6470002AE94F /* Checkbox.swift */ = {isa = PBXFileReference; lastKnownFileType = sourcecode.swift; path = Checkbox.swift; sourceTree = "<group>"; };
		D2BEEF1523A248820077F125 /* EpisodeTracker.app */ = {isa = PBXFileReference; explicitFileType = wrapper.application; includeInIndex = 0; path = EpisodeTracker.app; sourceTree = BUILT_PRODUCTS_DIR; };
		D2BEEF1823A248820077F125 /* AppDelegate.swift */ = {isa = PBXFileReference; lastKnownFileType = sourcecode.swift; path = AppDelegate.swift; sourceTree = "<group>"; };
		D2BEEF1F23A248820077F125 /* Base */ = {isa = PBXFileReference; lastKnownFileType = file.storyboard; name = Base; path = Base.lproj/Main.storyboard; sourceTree = "<group>"; };
		D2BEEF2123A248820077F125 /* Assets.xcassets */ = {isa = PBXFileReference; lastKnownFileType = folder.assetcatalog; path = Assets.xcassets; sourceTree = "<group>"; };
		D2BEEF2423A248820077F125 /* Base */ = {isa = PBXFileReference; lastKnownFileType = file.storyboard; name = Base; path = Base.lproj/LaunchScreen.storyboard; sourceTree = "<group>"; };
		D2BEEF2623A248820077F125 /* Info.plist */ = {isa = PBXFileReference; lastKnownFileType = text.plist.xml; path = Info.plist; sourceTree = "<group>"; };
		D2BEEF2D23A24A1D0077F125 /* MyShowsViewController.swift */ = {isa = PBXFileReference; lastKnownFileType = sourcecode.swift; path = MyShowsViewController.swift; sourceTree = "<group>"; };
		D2C1761F23FEAFF600BE0137 /* Urls.swift */ = {isa = PBXFileReference; lastKnownFileType = sourcecode.swift; path = Urls.swift; sourceTree = "<group>"; };
		D2C201362433E11800BA5622 /* MyShowViewModel+ListDiffable.swift */ = {isa = PBXFileReference; lastKnownFileType = sourcecode.swift; path = "MyShowViewModel+ListDiffable.swift"; sourceTree = "<group>"; };
		D2C283C423E9F648002BEE91 /* SeasonHeaderView.swift */ = {isa = PBXFileReference; lastKnownFileType = sourcecode.swift; path = SeasonHeaderView.swift; sourceTree = "<group>"; };
		D2C283C623EA1D9A002BEE91 /* EpisodeCell.swift */ = {isa = PBXFileReference; lastKnownFileType = sourcecode.swift; path = EpisodeCell.swift; sourceTree = "<group>"; };
		D2C7E97823FC629100DA8C4E /* RecommendationCell.swift */ = {isa = PBXFileReference; lastKnownFileType = sourcecode.swift; path = RecommendationCell.swift; sourceTree = "<group>"; };
		D2CC728C2414E87C00D4AD01 /* Animations.swift */ = {isa = PBXFileReference; lastKnownFileType = sourcecode.swift; path = Animations.swift; sourceTree = "<group>"; };
		D2CC72912416E8A500D4AD01 /* ErrorView.xib */ = {isa = PBXFileReference; lastKnownFileType = file.xib; path = ErrorView.xib; sourceTree = "<group>"; };
		D2CEB3E423DCF9BB006D26BF /* RippleTableViewCell.swift */ = {isa = PBXFileReference; lastKnownFileType = sourcecode.swift; path = RippleTableViewCell.swift; sourceTree = "<group>"; };
		D2D5E33423FDE88300FE6234 /* ImdbBadge.xib */ = {isa = PBXFileReference; lastKnownFileType = file.xib; path = ImdbBadge.xib; sourceTree = "<group>"; };
		D2D5E33623FDF17E00FE6234 /* ImdbBadge.swift */ = {isa = PBXFileReference; lastKnownFileType = sourcecode.swift; path = ImdbBadge.swift; sourceTree = "<group>"; };
		D2D905CA23A8F89A00E45753 /* TableView.swift */ = {isa = PBXFileReference; lastKnownFileType = sourcecode.swift; path = TableView.swift; sourceTree = "<group>"; };
		D2D905CD23A96A6E00E45753 /* ImageButton.xib */ = {isa = PBXFileReference; lastKnownFileType = file.xib; path = ImageButton.xib; sourceTree = "<group>"; };
		D2D905CF23A96CCB00E45753 /* ImageButton.swift */ = {isa = PBXFileReference; lastKnownFileType = sourcecode.swift; path = ImageButton.swift; sourceTree = "<group>"; };
		D2EDA462241EB56700EAD144 /* ConnectivityImpl.swift */ = {isa = PBXFileReference; lastKnownFileType = sourcecode.swift; path = ConnectivityImpl.swift; sourceTree = "<group>"; };
		D2EDA464241EC00B00EAD144 /* Log.swift */ = {isa = PBXFileReference; lastKnownFileType = sourcecode.swift; path = Log.swift; sourceTree = "<group>"; };
		D2F09F0E23F40675003BFFAA /* NavigationController.swift */ = {isa = PBXFileReference; lastKnownFileType = sourcecode.swift; path = NavigationController.swift; sourceTree = "<group>"; };
/* End PBXFileReference section */

/* Begin PBXFrameworksBuildPhase section */
		D2BEEF1223A248820077F125 /* Frameworks */ = {
			isa = PBXFrameworksBuildPhase;
			buildActionMask = 2147483647;
			files = (
				D29D7AEF23A24D4400B2832D /* SharedCode.framework in Frameworks */,
				142614C68DBC5A7FC08FD273 /* Pods_EpisodeTracker.framework in Frameworks */,
			);
			runOnlyForDeploymentPostprocessing = 0;
		};
/* End PBXFrameworksBuildPhase section */

/* Begin PBXGroup section */
		39BC37FA81559B3EC22A4FA1 /* Frameworks */ = {
			isa = PBXGroup;
			children = (
				D29D7AEE23A24D4400B2832D /* SharedCode.framework */,
				BA5BD7CB40732B5435C6506B /* Pods_EpisodeTracker.framework */,
			);
			name = Frameworks;
			sourceTree = "<group>";
		};
		A176E50197D6C1B1A8725E84 /* Pods */ = {
			isa = PBXGroup;
			children = (
				A998D3B20E585233F3757CC8 /* Pods-EpisodeTracker.debug.xcconfig */,
				227D1BA30C42A7A3281315FF /* Pods-EpisodeTracker.release.xcconfig */,
			);
			path = Pods;
			sourceTree = "<group>";
		};
		D222456123EE128C00082162 /* MyShowsHeaderView */ = {
			isa = PBXGroup;
			children = (
				D222456223EE12C900082162 /* MyShowsHeaderView.xib */,
				D222456423EE147900082162 /* MyShowsHeaderView.swift */,
			);
			path = MyShowsHeaderView;
			sourceTree = "<group>";
		};
		D232E72F23F55F2500F024B9 /* About */ = {
			isa = PBXGroup;
			children = (
				D2A0443C23F9FDEF00640850 /* AboutShow.storyboard */,
				D232E73223F59E6300F024B9 /* AboutShowViewController.swift */,
				D232E73423F5ED6E00F024B9 /* GenreCell.swift */,
				D28792D423F887140071E46B /* TrailerCell.swift */,
				D29DCACF23F9A68B00491ACD /* CastMemberCell.swift */,
				D2C7E97823FC629100DA8C4E /* RecommendationCell.swift */,
			);
			path = About;
			sourceTree = "<group>";
		};
		D234846423FEBEF6001BA5E5 /* IconButton */ = {
			isa = PBXGroup;
			children = (
				D234846523FEBF12001BA5E5 /* IconButton.xib */,
				D234846723FEBF79001BA5E5 /* IconButton.swift */,
			);
			path = IconButton;
			sourceTree = "<group>";
		};
		D238771423E5742B00688E01 /* ShowDetails */ = {
			isa = PBXGroup;
			children = (
				D232E72F23F55F2500F024B9 /* About */,
				D2C283C023E9F362002BEE91 /* Episodes */,
				D238771823E5796200688E01 /* ShowDetails.storyboard */,
				D238771523E5745300688E01 /* ShowDetailsViewController.swift */,
			);
			path = ShowDetails;
			sourceTree = "<group>";
		};
		D29D7B0123A2A92500B2832D /* Views */ = {
			isa = PBXGroup;
			children = (
				D2D5E33323FDE7EB00FE6234 /* ImdbBadge */,
				D29DCACC23F93BB600491ACD /* Ripple */,
				D2BD772023EB617D002AE94F /* Checkbox */,
				D2D905CC23A96A0C00E45753 /* ImageButton */,
				D234846423FEBEF6001BA5E5 /* IconButton */,
				D2CC72902416E88900D4AD01 /* ErrorView */,
				D2B1DE2924315DD2000AC44A /* EmptyView */,
				D29D7B0223A2A93D00B2832D /* ImageView.swift */,
				D29D7B0723A2D47D00B2832D /* Divider.swift */,
				D2D905CA23A8F89A00E45753 /* TableView.swift */,
				D2242C1123F1B4F5001C8608 /* PadView.swift */,
				D22A89792406CBB200014861 /* FloatingButton.swift */,
				D2906595242E87D2004CF818 /* GradientView.swift */,
			);
			path = Views;
			sourceTree = "<group>";
		};
		D29D7B0423A2CCEE00B2832D /* Utils */ = {
			isa = PBXGroup;
			children = (
				D2CC728C2414E87C00D4AD01 /* Animations.swift */,
				D29D7B0E23A3DC6B00B2832D /* AttributedStrings.swift */,
				D29D7B0523A2CD0600B2832D /* Colors.swift */,
				D2EDA462241EB56700EAD144 /* ConnectivityImpl.swift */,
				D29D7B1023A3E00700B2832D /* Fonts.swift */,
				D26B4826241A30F700156F82 /* Ints.swift */,
				D2EDA464241EC00B00EAD144 /* Log.swift */,
				D2F09F0E23F40675003BFFAA /* NavigationController.swift */,
				D2C1761F23FEAFF600BE0137 /* Urls.swift */,
			);
			path = Utils;
			sourceTree = "<group>";
		};
		D29D7B0B23A3BC5800B2832D /* ToWatch */ = {
			isa = PBXGroup;
			children = (
				D2B1DE2724313F2D000AC44A /* ToWatch.storyboard */,
				D29D7B0C23A3BF3A00B2832D /* ToWatchViewController.swift */,
				D238A285242F8E0200510403 /* ToWatchCell.swift */,
				D238A289242FA0A900510403 /* ToWatchShow+ListDiffable.swift */,
			);
			path = ToWatch;
			sourceTree = "<group>";
		};
		D29D7B1223A44F6000B2832D /* Discover */ = {
			isa = PBXGroup;
			children = (
				D238A2902430119F00510403 /* Discover.storyboard */,
				D29D7B1323A44F9A00B2832D /* DiscoverViewController.swift */,
				D29D7B1523A5063A00B2832D /* DiscoverResultCell.swift */,
			);
			path = Discover;
			sourceTree = "<group>";
		};
		D29DCACC23F93BB600491ACD /* Ripple */ = {
			isa = PBXGroup;
			children = (
				D2CEB3E423DCF9BB006D26BF /* RippleTableViewCell.swift */,
				D29DCACD23F93BCE00491ACD /* RippleCollectionViewCell.swift */,
			);
			path = Ripple;
			sourceTree = "<group>";
		};
		D2B1DE2924315DD2000AC44A /* EmptyView */ = {
			isa = PBXGroup;
			children = (
				D2B1DE2A24315DEB000AC44A /* EmptyView.xib */,
				D2B1DE2C24316071000AC44A /* EmptyView.swift */,
			);
			path = EmptyView;
			sourceTree = "<group>";
		};
		D2BD772023EB617D002AE94F /* Checkbox */ = {
			isa = PBXGroup;
			children = (
				D2BD772123EB642D002AE94F /* Checkbox.xib */,
				D2BD772323EB6470002AE94F /* Checkbox.swift */,
			);
			path = Checkbox;
			sourceTree = "<group>";
		};
		D2BEEF0C23A248810077F125 = {
			isa = PBXGroup;
			children = (
				D2BEEF1723A248820077F125 /* EpisodeTracker */,
				D2BEEF1623A248820077F125 /* Products */,
				A176E50197D6C1B1A8725E84 /* Pods */,
				39BC37FA81559B3EC22A4FA1 /* Frameworks */,
			);
			sourceTree = "<group>";
		};
		D2BEEF1623A248820077F125 /* Products */ = {
			isa = PBXGroup;
			children = (
				D2BEEF1523A248820077F125 /* EpisodeTracker.app */,
			);
			name = Products;
			sourceTree = "<group>";
		};
		D2BEEF1723A248820077F125 /* EpisodeTracker */ = {
			isa = PBXGroup;
			children = (
				D2BEEF2C23A249F70077F125 /* MyShows */,
				D29D7B0B23A3BC5800B2832D /* ToWatch */,
				D29D7B1223A44F6000B2832D /* Discover */,
				D238771423E5742B00688E01 /* ShowDetails */,
				D29D7B0123A2A92500B2832D /* Views */,
				D29D7B0423A2CCEE00B2832D /* Utils */,
				D2BEEF1823A248820077F125 /* AppDelegate.swift */,
				D2BEEF1E23A248820077F125 /* Main.storyboard */,
				D2BEEF2123A248820077F125 /* Assets.xcassets */,
				D2BEEF2323A248820077F125 /* LaunchScreen.storyboard */,
				D2BEEF2623A248820077F125 /* Info.plist */,
			);
			path = EpisodeTracker;
			sourceTree = "<group>";
		};
		D2BEEF2C23A249F70077F125 /* MyShows */ = {
			isa = PBXGroup;
			children = (
				D222456123EE128C00082162 /* MyShowsHeaderView */,
				D238A28B243010F600510403 /* MyShows.storyboard */,
				D2BEEF2D23A24A1D0077F125 /* MyShowsViewController.swift */,
				D29D7AFF23A299DE00B2832D /* ShowCell.swift */,
				D29D7AFD23A2974700B2832D /* UpcomingShowCell.swift */,
				D2C201362433E11800BA5622 /* MyShowViewModel+ListDiffable.swift */,
			);
			path = MyShows;
			sourceTree = "<group>";
		};
		D2C283C023E9F362002BEE91 /* Episodes */ = {
			isa = PBXGroup;
			children = (
				D2C283C123E9F36A002BEE91 /* SeasonHeaderView */,
				D2A0443E23FA049E00640850 /* Episodes.storyboard */,
				D2AB72F123E8B70800BA9576 /* EpisodesViewController.swift */,
				D2C283C623EA1D9A002BEE91 /* EpisodeCell.swift */,
			);
			path = Episodes;
			sourceTree = "<group>";
		};
		D2C283C123E9F36A002BEE91 /* SeasonHeaderView */ = {
			isa = PBXGroup;
			children = (
				D205221E23ECA5D4003F9F6B /* SeasonHeaderView.xib */,
				D2C283C423E9F648002BEE91 /* SeasonHeaderView.swift */,
			);
			path = SeasonHeaderView;
			sourceTree = "<group>";
		};
		D2CC72902416E88900D4AD01 /* ErrorView */ = {
			isa = PBXGroup;
			children = (
				D2CC72912416E8A500D4AD01 /* ErrorView.xib */,
				D293933024184B6B00F028C6 /* ErrorView.swift */,
			);
			path = ErrorView;
			sourceTree = "<group>";
		};
		D2D5E33323FDE7EB00FE6234 /* ImdbBadge */ = {
			isa = PBXGroup;
			children = (
				D2D5E33423FDE88300FE6234 /* ImdbBadge.xib */,
				D2D5E33623FDF17E00FE6234 /* ImdbBadge.swift */,
			);
			path = ImdbBadge;
			sourceTree = "<group>";
		};
		D2D905CC23A96A0C00E45753 /* ImageButton */ = {
			isa = PBXGroup;
			children = (
				D2D905CD23A96A6E00E45753 /* ImageButton.xib */,
				D2D905CF23A96CCB00E45753 /* ImageButton.swift */,
			);
			path = ImageButton;
			sourceTree = "<group>";
		};
/* End PBXGroup section */

/* Begin PBXNativeTarget section */
		D2BEEF1423A248820077F125 /* EpisodeTracker */ = {
			isa = PBXNativeTarget;
			buildConfigurationList = D2BEEF2923A248820077F125 /* Build configuration list for PBXNativeTarget "EpisodeTracker" */;
			buildPhases = (
				8F7CD8C2574BB838E65C2BE8 /* [CP] Check Pods Manifest.lock */,
				D29D7AF223A24DD700B2832D /* ShellScript */,
				D2BEEF1123A248820077F125 /* Sources */,
				D2BEEF1223A248820077F125 /* Frameworks */,
				D2BEEF1323A248820077F125 /* Resources */,
				96D4C9F1867C50DD12B72966 /* [CP] Embed Pods Frameworks */,
				D29D7AF123A24D4500B2832D /* Embed Frameworks */,
			);
			buildRules = (
			);
			dependencies = (
			);
			name = EpisodeTracker;
			productName = EpisodeTracker;
			productReference = D2BEEF1523A248820077F125 /* EpisodeTracker.app */;
			productType = "com.apple.product-type.application";
		};
/* End PBXNativeTarget section */

/* Begin PBXProject section */
		D2BEEF0D23A248810077F125 /* Project object */ = {
			isa = PBXProject;
			attributes = {
				LastSwiftUpdateCheck = 1130;
				LastUpgradeCheck = 1130;
				ORGANIZATIONNAME = "Yury Polek";
				TargetAttributes = {
					D2BEEF1423A248820077F125 = {
						CreatedOnToolsVersion = 11.3;
					};
				};
			};
			buildConfigurationList = D2BEEF1023A248810077F125 /* Build configuration list for PBXProject "EpisodeTracker" */;
			compatibilityVersion = "Xcode 9.3";
			developmentRegion = en;
			hasScannedForEncodings = 0;
			knownRegions = (
				en,
				Base,
			);
			mainGroup = D2BEEF0C23A248810077F125;
			productRefGroup = D2BEEF1623A248820077F125 /* Products */;
			projectDirPath = "";
			projectRoot = "";
			targets = (
				D2BEEF1423A248820077F125 /* EpisodeTracker */,
			);
		};
/* End PBXProject section */

/* Begin PBXResourcesBuildPhase section */
		D2BEEF1323A248820077F125 /* Resources */ = {
			isa = PBXResourcesBuildPhase;
			buildActionMask = 2147483647;
			files = (
				D2D5E33523FDE88300FE6234 /* ImdbBadge.xib in Resources */,
				D2A0443F23FA049E00640850 /* Episodes.storyboard in Resources */,
				D238771923E5796200688E01 /* ShowDetails.storyboard in Resources */,
				D2B1DE2824313F2D000AC44A /* ToWatch.storyboard in Resources */,
				D238A28C243010F600510403 /* MyShows.storyboard in Resources */,
				D2A0443D23F9FDEF00640850 /* AboutShow.storyboard in Resources */,
				D234846623FEBF12001BA5E5 /* IconButton.xib in Resources */,
				D2BEEF2523A248820077F125 /* LaunchScreen.storyboard in Resources */,
				D2B1DE2B24315DEB000AC44A /* EmptyView.xib in Resources */,
				D222456323EE12C900082162 /* MyShowsHeaderView.xib in Resources */,
				D238A2912430119F00510403 /* Discover.storyboard in Resources */,
				D205221F23ECA5D4003F9F6B /* SeasonHeaderView.xib in Resources */,
				D2CC72922416E8A500D4AD01 /* ErrorView.xib in Resources */,
				D2BEEF2223A248820077F125 /* Assets.xcassets in Resources */,
				D2BEEF2023A248820077F125 /* Main.storyboard in Resources */,
				D2BD772223EB642D002AE94F /* Checkbox.xib in Resources */,
				D2D905CE23A96A6E00E45753 /* ImageButton.xib in Resources */,
			);
			runOnlyForDeploymentPostprocessing = 0;
		};
/* End PBXResourcesBuildPhase section */

/* Begin PBXShellScriptBuildPhase section */
		8F7CD8C2574BB838E65C2BE8 /* [CP] Check Pods Manifest.lock */ = {
			isa = PBXShellScriptBuildPhase;
			buildActionMask = 2147483647;
			files = (
			);
			inputFileListPaths = (
			);
			inputPaths = (
				"${PODS_PODFILE_DIR_PATH}/Podfile.lock",
				"${PODS_ROOT}/Manifest.lock",
			);
			name = "[CP] Check Pods Manifest.lock";
			outputFileListPaths = (
			);
			outputPaths = (
				"$(DERIVED_FILE_DIR)/Pods-EpisodeTracker-checkManifestLockResult.txt",
			);
			runOnlyForDeploymentPostprocessing = 0;
			shellPath = /bin/sh;
			shellScript = "diff \"${PODS_PODFILE_DIR_PATH}/Podfile.lock\" \"${PODS_ROOT}/Manifest.lock\" > /dev/null\nif [ $? != 0 ] ; then\n    # print error to STDERR\n    echo \"error: The sandbox is not in sync with the Podfile.lock. Run 'pod install' or update your CocoaPods installation.\" >&2\n    exit 1\nfi\n# This output is used by Xcode 'outputs' to avoid re-running this script phase.\necho \"SUCCESS\" > \"${SCRIPT_OUTPUT_FILE_0}\"\n";
			showEnvVarsInLog = 0;
		};
		96D4C9F1867C50DD12B72966 /* [CP] Embed Pods Frameworks */ = {
			isa = PBXShellScriptBuildPhase;
			buildActionMask = 2147483647;
			files = (
			);
			inputFileListPaths = (
				"${PODS_ROOT}/Target Support Files/Pods-EpisodeTracker/Pods-EpisodeTracker-frameworks-${CONFIGURATION}-input-files.xcfilelist",
			);
			name = "[CP] Embed Pods Frameworks";
			outputFileListPaths = (
				"${PODS_ROOT}/Target Support Files/Pods-EpisodeTracker/Pods-EpisodeTracker-frameworks-${CONFIGURATION}-output-files.xcfilelist",
			);
			runOnlyForDeploymentPostprocessing = 0;
			shellPath = /bin/sh;
			shellScript = "\"${PODS_ROOT}/Target Support Files/Pods-EpisodeTracker/Pods-EpisodeTracker-frameworks.sh\"\n";
			showEnvVarsInLog = 0;
		};
		D29D7AF223A24DD700B2832D /* ShellScript */ = {
			isa = PBXShellScriptBuildPhase;
			buildActionMask = 2147483647;
			files = (
			);
			inputFileListPaths = (
			);
			inputPaths = (
			);
			outputFileListPaths = (
			);
			outputPaths = (
			);
			runOnlyForDeploymentPostprocessing = 0;
			shellPath = /bin/sh;
			shellScript = "cd \"$SRCROOT/../../SharedCode/build/xcode-frameworks\"\n./gradlew :SharedCode:packForXCode -PXCODE_CONFIGURATION=${CONFIGURATION}\n";
		};
/* End PBXShellScriptBuildPhase section */

/* Begin PBXSourcesBuildPhase section */
		D2BEEF1123A248820077F125 /* Sources */ = {
			isa = PBXSourcesBuildPhase;
			buildActionMask = 2147483647;
			files = (
				D222456523EE147900082162 /* MyShowsHeaderView.swift in Sources */,
				D22A897A2406CBB200014861 /* FloatingButton.swift in Sources */,
				D2EDA465241EC00B00EAD144 /* Log.swift in Sources */,
				D29D7AFE23A2974700B2832D /* UpcomingShowCell.swift in Sources */,
				D29D7B1623A5063A00B2832D /* DiscoverResultCell.swift in Sources */,
				D29D7B0323A2A93D00B2832D /* ImageView.swift in Sources */,
				D232E73323F59E6300F024B9 /* AboutShowViewController.swift in Sources */,
				D2CC728D2414E87C00D4AD01 /* Animations.swift in Sources */,
				D293933124184B6B00F028C6 /* ErrorView.swift in Sources */,
				D2D905CB23A8F89A00E45753 /* TableView.swift in Sources */,
				D29D7B0023A299DE00B2832D /* ShowCell.swift in Sources */,
				D2D5E33723FDF17E00FE6234 /* ImdbBadge.swift in Sources */,
				D238A28A242FA0A900510403 /* ToWatchShow+ListDiffable.swift in Sources */,
				D29D7B0623A2CD0600B2832D /* Colors.swift in Sources */,
				D232E73523F5ED6E00F024B9 /* GenreCell.swift in Sources */,
				D28792D523F887140071E46B /* TrailerCell.swift in Sources */,
				D2C201372433E11800BA5622 /* MyShowViewModel+ListDiffable.swift in Sources */,
				D2C1762023FEAFF600BE0137 /* Urls.swift in Sources */,
				D2F09F0F23F40675003BFFAA /* NavigationController.swift in Sources */,
				D29DCAD023F9A68B00491ACD /* CastMemberCell.swift in Sources */,
				D29DCACE23F93BCE00491ACD /* RippleCollectionViewCell.swift in Sources */,
				D2242C1223F1B4F5001C8608 /* PadView.swift in Sources */,
				D2BD772423EB6470002AE94F /* Checkbox.swift in Sources */,
				D238A286242F8E0200510403 /* ToWatchCell.swift in Sources */,
				D2906596242E87D2004CF818 /* GradientView.swift in Sources */,
				D29D7B0F23A3DC6B00B2832D /* AttributedStrings.swift in Sources */,
				D26B4827241A30F700156F82 /* Ints.swift in Sources */,
				D2D905D023A96CCB00E45753 /* ImageButton.swift in Sources */,
				D2BEEF2E23A24A1D0077F125 /* MyShowsViewController.swift in Sources */,
				D2AB72F223E8B70800BA9576 /* EpisodesViewController.swift in Sources */,
				D2BEEF1923A248820077F125 /* AppDelegate.swift in Sources */,
				D2C283C523E9F648002BEE91 /* SeasonHeaderView.swift in Sources */,
				D29D7B1123A3E00700B2832D /* Fonts.swift in Sources */,
				D29D7B1423A44F9A00B2832D /* DiscoverViewController.swift in Sources */,
				D2C283C723EA1D9A002BEE91 /* EpisodeCell.swift in Sources */,
				D29D7B0823A2D47D00B2832D /* Divider.swift in Sources */,
				D2EDA463241EB56700EAD144 /* ConnectivityImpl.swift in Sources */,
				D2CEB3E523DCF9BB006D26BF /* RippleTableViewCell.swift in Sources */,
				D238771623E5745300688E01 /* ShowDetailsViewController.swift in Sources */,
				D234846823FEBF79001BA5E5 /* IconButton.swift in Sources */,
				D2C7E97923FC629100DA8C4E /* RecommendationCell.swift in Sources */,
				D2B1DE2D24316071000AC44A /* EmptyView.swift in Sources */,
				D29D7B0D23A3BF3A00B2832D /* ToWatchViewController.swift in Sources */,
			);
			runOnlyForDeploymentPostprocessing = 0;
		};
/* End PBXSourcesBuildPhase section */

/* Begin PBXVariantGroup section */
		D2BEEF1E23A248820077F125 /* Main.storyboard */ = {
			isa = PBXVariantGroup;
			children = (
				D2BEEF1F23A248820077F125 /* Base */,
			);
			name = Main.storyboard;
			sourceTree = "<group>";
		};
		D2BEEF2323A248820077F125 /* LaunchScreen.storyboard */ = {
			isa = PBXVariantGroup;
			children = (
				D2BEEF2423A248820077F125 /* Base */,
			);
			name = LaunchScreen.storyboard;
			sourceTree = "<group>";
		};
/* End PBXVariantGroup section */

/* Begin XCBuildConfiguration section */
		D2BEEF2723A248820077F125 /* Debug */ = {
			isa = XCBuildConfiguration;
			buildSettings = {
				ALWAYS_SEARCH_USER_PATHS = NO;
				CLANG_ANALYZER_NONNULL = YES;
				CLANG_ANALYZER_NUMBER_OBJECT_CONVERSION = YES_AGGRESSIVE;
				CLANG_CXX_LANGUAGE_STANDARD = "gnu++14";
				CLANG_CXX_LIBRARY = "libc++";
				CLANG_ENABLE_MODULES = YES;
				CLANG_ENABLE_OBJC_ARC = YES;
				CLANG_ENABLE_OBJC_WEAK = YES;
				CLANG_WARN_BLOCK_CAPTURE_AUTORELEASING = YES;
				CLANG_WARN_BOOL_CONVERSION = YES;
				CLANG_WARN_COMMA = YES;
				CLANG_WARN_CONSTANT_CONVERSION = YES;
				CLANG_WARN_DEPRECATED_OBJC_IMPLEMENTATIONS = YES;
				CLANG_WARN_DIRECT_OBJC_ISA_USAGE = YES_ERROR;
				CLANG_WARN_DOCUMENTATION_COMMENTS = YES;
				CLANG_WARN_EMPTY_BODY = YES;
				CLANG_WARN_ENUM_CONVERSION = YES;
				CLANG_WARN_INFINITE_RECURSION = YES;
				CLANG_WARN_INT_CONVERSION = YES;
				CLANG_WARN_NON_LITERAL_NULL_CONVERSION = YES;
				CLANG_WARN_OBJC_IMPLICIT_RETAIN_SELF = YES;
				CLANG_WARN_OBJC_LITERAL_CONVERSION = YES;
				CLANG_WARN_OBJC_ROOT_CLASS = YES_ERROR;
				CLANG_WARN_RANGE_LOOP_ANALYSIS = YES;
				CLANG_WARN_STRICT_PROTOTYPES = YES;
				CLANG_WARN_SUSPICIOUS_MOVE = YES;
				CLANG_WARN_UNGUARDED_AVAILABILITY = YES_AGGRESSIVE;
				CLANG_WARN_UNREACHABLE_CODE = YES;
				CLANG_WARN__DUPLICATE_METHOD_MATCH = YES;
				COPY_PHASE_STRIP = NO;
				DEBUG_INFORMATION_FORMAT = dwarf;
				ENABLE_STRICT_OBJC_MSGSEND = YES;
				ENABLE_TESTABILITY = YES;
				FRAMEWORK_SEARCH_PATHS = "$(SRCROOT)/../../SharedCode/build/xcode-frameworks";
				GCC_C_LANGUAGE_STANDARD = gnu11;
				GCC_DYNAMIC_NO_PIC = NO;
				GCC_NO_COMMON_BLOCKS = YES;
				GCC_OPTIMIZATION_LEVEL = 0;
				GCC_PREPROCESSOR_DEFINITIONS = (
					"DEBUG=1",
					"$(inherited)",
				);
				GCC_WARN_64_TO_32_BIT_CONVERSION = YES;
				GCC_WARN_ABOUT_RETURN_TYPE = YES_ERROR;
				GCC_WARN_UNDECLARED_SELECTOR = YES;
				GCC_WARN_UNINITIALIZED_AUTOS = YES_AGGRESSIVE;
				GCC_WARN_UNUSED_FUNCTION = YES;
				GCC_WARN_UNUSED_VARIABLE = YES;
				IPHONEOS_DEPLOYMENT_TARGET = 13.2;
				MTL_ENABLE_DEBUG_INFO = INCLUDE_SOURCE;
				MTL_FAST_MATH = YES;
				ONLY_ACTIVE_ARCH = YES;
				SDKROOT = iphoneos;
				SWIFT_ACTIVE_COMPILATION_CONDITIONS = DEBUG;
				SWIFT_OPTIMIZATION_LEVEL = "-Onone";
			};
			name = Debug;
		};
		D2BEEF2823A248820077F125 /* Release */ = {
			isa = XCBuildConfiguration;
			buildSettings = {
				ALWAYS_SEARCH_USER_PATHS = NO;
				CLANG_ANALYZER_NONNULL = YES;
				CLANG_ANALYZER_NUMBER_OBJECT_CONVERSION = YES_AGGRESSIVE;
				CLANG_CXX_LANGUAGE_STANDARD = "gnu++14";
				CLANG_CXX_LIBRARY = "libc++";
				CLANG_ENABLE_MODULES = YES;
				CLANG_ENABLE_OBJC_ARC = YES;
				CLANG_ENABLE_OBJC_WEAK = YES;
				CLANG_WARN_BLOCK_CAPTURE_AUTORELEASING = YES;
				CLANG_WARN_BOOL_CONVERSION = YES;
				CLANG_WARN_COMMA = YES;
				CLANG_WARN_CONSTANT_CONVERSION = YES;
				CLANG_WARN_DEPRECATED_OBJC_IMPLEMENTATIONS = YES;
				CLANG_WARN_DIRECT_OBJC_ISA_USAGE = YES_ERROR;
				CLANG_WARN_DOCUMENTATION_COMMENTS = YES;
				CLANG_WARN_EMPTY_BODY = YES;
				CLANG_WARN_ENUM_CONVERSION = YES;
				CLANG_WARN_INFINITE_RECURSION = YES;
				CLANG_WARN_INT_CONVERSION = YES;
				CLANG_WARN_NON_LITERAL_NULL_CONVERSION = YES;
				CLANG_WARN_OBJC_IMPLICIT_RETAIN_SELF = YES;
				CLANG_WARN_OBJC_LITERAL_CONVERSION = YES;
				CLANG_WARN_OBJC_ROOT_CLASS = YES_ERROR;
				CLANG_WARN_RANGE_LOOP_ANALYSIS = YES;
				CLANG_WARN_STRICT_PROTOTYPES = YES;
				CLANG_WARN_SUSPICIOUS_MOVE = YES;
				CLANG_WARN_UNGUARDED_AVAILABILITY = YES_AGGRESSIVE;
				CLANG_WARN_UNREACHABLE_CODE = YES;
				CLANG_WARN__DUPLICATE_METHOD_MATCH = YES;
				COPY_PHASE_STRIP = NO;
				DEBUG_INFORMATION_FORMAT = "dwarf-with-dsym";
				ENABLE_NS_ASSERTIONS = NO;
				ENABLE_STRICT_OBJC_MSGSEND = YES;
				FRAMEWORK_SEARCH_PATHS = "$(SRCROOT)/../../SharedCode/build/xcode-frameworks";
				GCC_C_LANGUAGE_STANDARD = gnu11;
				GCC_NO_COMMON_BLOCKS = YES;
				GCC_WARN_64_TO_32_BIT_CONVERSION = YES;
				GCC_WARN_ABOUT_RETURN_TYPE = YES_ERROR;
				GCC_WARN_UNDECLARED_SELECTOR = YES;
				GCC_WARN_UNINITIALIZED_AUTOS = YES_AGGRESSIVE;
				GCC_WARN_UNUSED_FUNCTION = YES;
				GCC_WARN_UNUSED_VARIABLE = YES;
				IPHONEOS_DEPLOYMENT_TARGET = 13.2;
				MTL_ENABLE_DEBUG_INFO = NO;
				MTL_FAST_MATH = YES;
				SDKROOT = iphoneos;
				SWIFT_COMPILATION_MODE = wholemodule;
				SWIFT_OPTIMIZATION_LEVEL = "-O";
				VALIDATE_PRODUCT = YES;
			};
			name = Release;
		};
		D2BEEF2A23A248820077F125 /* Debug */ = {
			isa = XCBuildConfiguration;
			baseConfigurationReference = A998D3B20E585233F3757CC8 /* Pods-EpisodeTracker.debug.xcconfig */;
			buildSettings = {
				ASSETCATALOG_COMPILER_APPICON_NAME = AppIcon;
				CODE_SIGN_STYLE = Automatic;
				DEVELOPMENT_TEAM = K4N32QU4HD;
				INFOPLIST_FILE = EpisodeTracker/Info.plist;
				IPHONEOS_DEPLOYMENT_TARGET = 12.0;
				LD_RUNPATH_SEARCH_PATHS = (
					"$(inherited)",
					"@executable_path/Frameworks",
				);
				PRODUCT_BUNDLE_IDENTIFIER = dev.polek.EpisodeTracker;
				PRODUCT_NAME = "$(TARGET_NAME)";
				SWIFT_VERSION = 5.0;
				TARGETED_DEVICE_FAMILY = "1,2";
			};
			name = Debug;
		};
		D2BEEF2B23A248820077F125 /* Release */ = {
			isa = XCBuildConfiguration;
			baseConfigurationReference = 227D1BA30C42A7A3281315FF /* Pods-EpisodeTracker.release.xcconfig */;
			buildSettings = {
				ASSETCATALOG_COMPILER_APPICON_NAME = AppIcon;
				CODE_SIGN_STYLE = Automatic;
				DEVELOPMENT_TEAM = K4N32QU4HD;
				INFOPLIST_FILE = EpisodeTracker/Info.plist;
				IPHONEOS_DEPLOYMENT_TARGET = 12.0;
				LD_RUNPATH_SEARCH_PATHS = (
					"$(inherited)",
					"@executable_path/Frameworks",
				);
				PRODUCT_BUNDLE_IDENTIFIER = dev.polek.EpisodeTracker;
				PRODUCT_NAME = "$(TARGET_NAME)";
				SWIFT_VERSION = 5.0;
				TARGETED_DEVICE_FAMILY = "1,2";
			};
			name = Release;
		};
/* End XCBuildConfiguration section */

/* Begin XCConfigurationList section */
		D2BEEF1023A248810077F125 /* Build configuration list for PBXProject "EpisodeTracker" */ = {
			isa = XCConfigurationList;
			buildConfigurations = (
				D2BEEF2723A248820077F125 /* Debug */,
				D2BEEF2823A248820077F125 /* Release */,
			);
			defaultConfigurationIsVisible = 0;
			defaultConfigurationName = Release;
		};
		D2BEEF2923A248820077F125 /* Build configuration list for PBXNativeTarget "EpisodeTracker" */ = {
			isa = XCConfigurationList;
			buildConfigurations = (
				D2BEEF2A23A248820077F125 /* Debug */,
				D2BEEF2B23A248820077F125 /* Release */,
			);
			defaultConfigurationIsVisible = 0;
			defaultConfigurationName = Release;
		};
/* End XCConfigurationList section */
	};
	rootObject = D2BEEF0D23A248810077F125 /* Project object */;
}
