PODS:
  - Kingfisher (5.11.0):
    - Kingfisher/Core (= 5.11.0)
  - Kingfisher/Core (5.11.0)
  - MaterialComponents/AnimationTiming (100.0.0)
  - MaterialComponents/Buttons (100.0.0):
    - MaterialComponents/Elevation
    - MaterialComponents/Ink
    - MaterialComponents/private/Math
    - MaterialComponents/Ripple
    - MaterialComponents/ShadowElevations
    - MaterialComponents/ShadowLayer
    - MaterialComponents/Shapes
    - MaterialComponents/Typography
    - MDFInternationalization
    - MDFTextAccessibility
  - MaterialComponents/Elevation (100.0.0):
    - MaterialComponents/private/Color
    - MaterialComponents/private/Math
  - MaterialComponents/Ink (100.0.0):
    - MaterialComponents/private/Color
    - MaterialComponents/private/Math
  - MaterialComponents/Palettes (100.0.0)
  - MaterialComponents/private/Application (100.0.0)
  - MaterialComponents/private/Color (100.0.0)
  - MaterialComponents/private/Math (100.0.0)
  - MaterialComponents/Ripple (100.0.0):
    - MaterialComponents/AnimationTiming
    - MaterialComponents/private/Color
    - MaterialComponents/private/Math
  - MaterialComponents/ShadowElevations (100.0.0)
  - MaterialComponents/ShadowLayer (100.0.0):
    - MaterialComponents/ShadowElevations
  - MaterialComponents/Shapes (100.0.0):
    - MaterialComponents/private/Color
    - MaterialComponents/private/Math
    - MaterialComponents/ShadowLayer
  - MaterialComponents/Tabs (100.0.0):
    - MaterialComponents/AnimationTiming
    - MaterialComponents/Elevation
    - MaterialComponents/Ink
    - MaterialComponents/Palettes
    - MaterialComponents/private/Math
    - MaterialComponents/Ripple
    - MaterialComponents/ShadowElevations
    - MaterialComponents/ShadowLayer
    - MaterialComponents/Typography
    - MDFInternationalization
  - MaterialComponents/Typography (100.0.0):
    - MaterialComponents/private/Application
    - MaterialComponents/private/Math
  - MDFInternationalization (2.0.0)
  - MDFTextAccessibility (2.0.0)
  - ReachabilitySwift (5.0.0)

DEPENDENCIES:
  - Kingfisher (= 5.11.0)
  - MaterialComponents/Buttons (= 100.0.0)
  - MaterialComponents/Ripple (= 100.0.0)
  - MaterialComponents/Tabs (= 100.0.0)
  - ReachabilitySwift (= 5.0.0)

SPEC REPOS:
  trunk:
    - Kingfisher
    - MaterialComponents
    - MDFInternationalization
    - MDFTextAccessibility
    - ReachabilitySwift

SPEC CHECKSUMS:
  Kingfisher: 4569606189149e19c7d9439f47e885d0679b7a90
  MaterialComponents: b4cc6c1649a566d70bd72096f3e1aae2c3701e4f
  MDFInternationalization: 010097556d6b09d2c4ea38e0820ea6d37be6a314
  MDFTextAccessibility: 85c09a1bd9c321f494348e632a25063bcda35a53
  ReachabilitySwift: 985039c6f7b23a1da463388634119492ff86c825

PODFILE CHECKSUM: cf7516f8320f26ac7b6ad4e5d27c5686e51355a5

COCOAPODS: 1.8.4
